Microsoft Visual Studio Solution File, Format Version 11.00
# Visual Studio 2010
Project("{8BC9CEB8-8B4A-11D0-8D11-00A0C91BC942}") = "prep", "appweb-win-i686\prep.vcxproj", "{6589CC4A-746D-4282-9076-57CB05F6CAE4}"
EndProject
Project("{8BC9CEB8-8B4A-11D0-8D11-00A0C91BC942}") = "libmpr", "appweb-win-i686\libmpr.vcxproj", "{9651275B-C035-4265-A696-E2DC0147F040}"
	ProjectSection(ProjectDependencies) = postProject
		{6589CC4A-746D-4282-9076-57CB05F6CAE4} = {6589CC4A-746D-4282-9076-57CB05F6CAE4}
	EndProjectSection
EndProject
Project("{8BC9CEB8-8B4A-11D0-8D11-00A0C91BC942}") = "libmprssl", "appweb-win-i686\libmprssl.vcxproj", "{D1614B75-B3F7-44A0-AC53-C81DDFDC00D6}"
	ProjectSection(ProjectDependencies) = postProject
		{6589CC4A-746D-4282-9076-57CB05F6CAE4} = {6589CC4A-746D-4282-9076-57CB05F6CAE4}
	EndProjectSection
	ProjectSection(ProjectDependencies) = postProject
		{9651275B-C035-4265-A696-E2DC0147F040} = {9651275B-C035-4265-A696-E2DC0147F040}
	EndProjectSection
EndProject
Project("{8BC9CEB8-8B4A-11D0-8D11-00A0C91BC942}") = "manager", "appweb-win-i686\manager.vcxproj", "{30C881EA-D69B-4B01-93C2-09EBBE0E9608}"
	ProjectSection(ProjectDependencies) = postProject
		{6589CC4A-746D-4282-9076-57CB05F6CAE4} = {6589CC4A-746D-4282-9076-57CB05F6CAE4}
	EndProjectSection
	ProjectSection(ProjectDependencies) = postProject
		{9651275B-C035-4265-A696-E2DC0147F040} = {9651275B-C035-4265-A696-E2DC0147F040}
	EndProjectSection
EndProject
Project("{8BC9CEB8-8B4A-11D0-8D11-00A0C91BC942}") = "makerom", "appweb-win-i686\makerom.vcxproj", "{EBDEAACB-4CCE-4C6D-9F21-A3DAB8941E63}"
	ProjectSection(ProjectDependencies) = postProject
		{6589CC4A-746D-4282-9076-57CB05F6CAE4} = {6589CC4A-746D-4282-9076-57CB05F6CAE4}
	EndProjectSection
	ProjectSection(ProjectDependencies) = postProject
		{9651275B-C035-4265-A696-E2DC0147F040} = {9651275B-C035-4265-A696-E2DC0147F040}
	EndProjectSection
EndProject
Project("{8BC9CEB8-8B4A-11D0-8D11-00A0C91BC942}") = "libpcre", "appweb-win-i686\libpcre.vcxproj", "{40A6AB0D-04C1-4486-97B2-3B6D4FEE198F}"
	ProjectSection(ProjectDependencies) = postProject
		{6589CC4A-746D-4282-9076-57CB05F6CAE4} = {6589CC4A-746D-4282-9076-57CB05F6CAE4}
	EndProjectSection
EndProject
Project("{8BC9CEB8-8B4A-11D0-8D11-00A0C91BC942}") = "libhttp", "appweb-win-i686\libhttp.vcxproj", "{1AFC1B00-A132-4507-8810-D12A6B0C8DA7}"
	ProjectSection(ProjectDependencies) = postProject
		{6589CC4A-746D-4282-9076-57CB05F6CAE4} = {6589CC4A-746D-4282-9076-57CB05F6CAE4}
	EndProjectSection
	ProjectSection(ProjectDependencies) = postProject
		{9651275B-C035-4265-A696-E2DC0147F040} = {9651275B-C035-4265-A696-E2DC0147F040}
	EndProjectSection
	ProjectSection(ProjectDependencies) = postProject
		{40A6AB0D-04C1-4486-97B2-3B6D4FEE198F} = {40A6AB0D-04C1-4486-97B2-3B6D4FEE198F}
	EndProjectSection
	ProjectSection(ProjectDependencies) = postProject
		{D1614B75-B3F7-44A0-AC53-C81DDFDC00D6} = {D1614B75-B3F7-44A0-AC53-C81DDFDC00D6}
	EndProjectSection
EndProject
Project("{8BC9CEB8-8B4A-11D0-8D11-00A0C91BC942}") = "http", "appweb-win-i686\http.vcxproj", "{2ED553A4-C82B-4EAA-9ED7-25151963B1B7}"
	ProjectSection(ProjectDependencies) = postProject
		{6589CC4A-746D-4282-9076-57CB05F6CAE4} = {6589CC4A-746D-4282-9076-57CB05F6CAE4}
	EndProjectSection
	ProjectSection(ProjectDependencies) = postProject
		{1AFC1B00-A132-4507-8810-D12A6B0C8DA7} = {1AFC1B00-A132-4507-8810-D12A6B0C8DA7}
	EndProjectSection
EndProject
Project("{8BC9CEB8-8B4A-11D0-8D11-00A0C91BC942}") = "libsqlite3", "appweb-win-i686\libsqlite3.vcxproj", "{EB15EBA2-6B6C-4BFB-991A-6802A371BFA2}"
	ProjectSection(ProjectDependencies) = postProject
		{6589CC4A-746D-4282-9076-57CB05F6CAE4} = {6589CC4A-746D-4282-9076-57CB05F6CAE4}
	EndProjectSection
EndProject
Project("{8BC9CEB8-8B4A-11D0-8D11-00A0C91BC942}") = "sqlite", "appweb-win-i686\sqlite.vcxproj", "{5A421E59-8992-40A0-97E4-EA405D64E2D5}"
	ProjectSection(ProjectDependencies) = postProject
		{6589CC4A-746D-4282-9076-57CB05F6CAE4} = {6589CC4A-746D-4282-9076-57CB05F6CAE4}
	EndProjectSection
	ProjectSection(ProjectDependencies) = postProject
		{EB15EBA2-6B6C-4BFB-991A-6802A371BFA2} = {EB15EBA2-6B6C-4BFB-991A-6802A371BFA2}
	EndProjectSection
EndProject
Project("{8BC9CEB8-8B4A-11D0-8D11-00A0C91BC942}") = "libappweb", "appweb-win-i686\libappweb.vcxproj", "{66002183-4B43-4751-B3F4-36AD8E08BE3C}"
	ProjectSection(ProjectDependencies) = postProject
		{6589CC4A-746D-4282-9076-57CB05F6CAE4} = {6589CC4A-746D-4282-9076-57CB05F6CAE4}
	EndProjectSection
	ProjectSection(ProjectDependencies) = postProject
		{1AFC1B00-A132-4507-8810-D12A6B0C8DA7} = {1AFC1B00-A132-4507-8810-D12A6B0C8DA7}
	EndProjectSection
EndProject
Project("{8BC9CEB8-8B4A-11D0-8D11-00A0C91BC942}") = "mod_esp", "appweb-win-i686\mod_esp.vcxproj", "{9EB51D9E-5B85-410D-9913-4912EA2928BF}"
	ProjectSection(ProjectDependencies) = postProject
		{6589CC4A-746D-4282-9076-57CB05F6CAE4} = {6589CC4A-746D-4282-9076-57CB05F6CAE4}
	EndProjectSection
	ProjectSection(ProjectDependencies) = postProject
		{66002183-4B43-4751-B3F4-36AD8E08BE3C} = {66002183-4B43-4751-B3F4-36AD8E08BE3C}
	EndProjectSection
EndProject
Project("{8BC9CEB8-8B4A-11D0-8D11-00A0C91BC942}") = "esp", "appweb-win-i686\esp.vcxproj", "{4B41C5F1-A9D9-4DD2-896A-B6C2D5CEDFD7}"
	ProjectSection(ProjectDependencies) = postProject
		{6589CC4A-746D-4282-9076-57CB05F6CAE4} = {6589CC4A-746D-4282-9076-57CB05F6CAE4}
	EndProjectSection
	ProjectSection(ProjectDependencies) = postProject
		{66002183-4B43-4751-B3F4-36AD8E08BE3C} = {66002183-4B43-4751-B3F4-36AD8E08BE3C}
	EndProjectSection
EndProject
Project("{8BC9CEB8-8B4A-11D0-8D11-00A0C91BC942}") = "mod_cgi", "appweb-win-i686\mod_cgi.vcxproj", "{80DC892B-C6A8-4A69-8BD3-B400E555FA9D}"
	ProjectSection(ProjectDependencies) = postProject
		{6589CC4A-746D-4282-9076-57CB05F6CAE4} = {6589CC4A-746D-4282-9076-57CB05F6CAE4}
	EndProjectSection
	ProjectSection(ProjectDependencies) = postProject
		{66002183-4B43-4751-B3F4-36AD8E08BE3C} = {66002183-4B43-4751-B3F4-36AD8E08BE3C}
	EndProjectSection
EndProject
Project("{8BC9CEB8-8B4A-11D0-8D11-00A0C91BC942}") = "auth", "appweb-win-i686\auth.vcxproj", "{77FFAD52-D464-4A0E-9170-764A2886CA39}"
	ProjectSection(ProjectDependencies) = postProject
		{6589CC4A-746D-4282-9076-57CB05F6CAE4} = {6589CC4A-746D-4282-9076-57CB05F6CAE4}
	EndProjectSection
	ProjectSection(ProjectDependencies) = postProject
		{9651275B-C035-4265-A696-E2DC0147F040} = {9651275B-C035-4265-A696-E2DC0147F040}
	EndProjectSection
EndProject
Project("{8BC9CEB8-8B4A-11D0-8D11-00A0C91BC942}") = "cgiProgram", "appweb-win-i686\cgiProgram.vcxproj", "{23D633D5-5B77-4AC1-88C4-0CBE6EC41B81}"
	ProjectSection(ProjectDependencies) = postProject
		{6589CC4A-746D-4282-9076-57CB05F6CAE4} = {6589CC4A-746D-4282-9076-57CB05F6CAE4}
	EndProjectSection
EndProject
Project("{8BC9CEB8-8B4A-11D0-8D11-00A0C91BC942}") = "setConfig", "appweb-win-i686\setConfig.vcxproj", "{77E27C60-9199-463C-AD35-36058F3F3CB6}"
	ProjectSection(ProjectDependencies) = postProject
		{6589CC4A-746D-4282-9076-57CB05F6CAE4} = {6589CC4A-746D-4282-9076-57CB05F6CAE4}
	EndProjectSection
	ProjectSection(ProjectDependencies) = postProject
		{9651275B-C035-4265-A696-E2DC0147F040} = {9651275B-C035-4265-A696-E2DC0147F040}
	EndProjectSection
EndProject
Project("{8BC9CEB8-8B4A-11D0-8D11-00A0C91BC942}") = "appweb", "appweb-win-i686\appweb.vcxproj", "{524C7B68-E9AD-4C16-A2D8-F10C11BC755B}"
	ProjectSection(ProjectDependencies) = postProject
		{6589CC4A-746D-4282-9076-57CB05F6CAE4} = {6589CC4A-746D-4282-9076-57CB05F6CAE4}
	EndProjectSection
	ProjectSection(ProjectDependencies) = postProject
		{66002183-4B43-4751-B3F4-36AD8E08BE3C} = {66002183-4B43-4751-B3F4-36AD8E08BE3C}
	EndProjectSection
EndProject
Project("{8BC9CEB8-8B4A-11D0-8D11-00A0C91BC942}") = "appwebMonitor", "appweb-win-i686\appwebMonitor.vcxproj", "{F4F949B0-6457-41CB-9EA7-A1BF1CC8EE5C}"
	ProjectSection(ProjectDependencies) = postProject
		{6589CC4A-746D-4282-9076-57CB05F6CAE4} = {6589CC4A-746D-4282-9076-57CB05F6CAE4}
	EndProjectSection
	ProjectSection(ProjectDependencies) = postProject
		{66002183-4B43-4751-B3F4-36AD8E08BE3C} = {66002183-4B43-4751-B3F4-36AD8E08BE3C}
	EndProjectSection
EndProject
Project("{8BC9CEB8-8B4A-11D0-8D11-00A0C91BC942}") = "testAppweb", "appweb-win-i686\testAppweb.vcxproj", "{7316F140-3A06-4125-A34A-F39D11BB56EF}"
	ProjectSection(ProjectDependencies) = postProject
		{6589CC4A-746D-4282-9076-57CB05F6CAE4} = {6589CC4A-746D-4282-9076-57CB05F6CAE4}
	EndProjectSection
	ProjectSection(ProjectDependencies) = postProject
		{66002183-4B43-4751-B3F4-36AD8E08BE3C} = {66002183-4B43-4751-B3F4-36AD8E08BE3C}
	EndProjectSection
EndProject
Project("{8BC9CEB8-8B4A-11D0-8D11-00A0C91BC942}") = "test-testScript", "appweb-win-i686\test-testScript.vcxproj", "{656E4D4E-0EA3-4E80-829D-FBA766A4596C}"
	ProjectSection(ProjectDependencies) = postProject
		{6589CC4A-746D-4282-9076-57CB05F6CAE4} = {6589CC4A-746D-4282-9076-57CB05F6CAE4}
	EndProjectSection
EndProject
Project("{8BC9CEB8-8B4A-11D0-8D11-00A0C91BC942}") = "test-cache.cgi", "appweb-win-i686\test-cache.cgi.vcxproj", "{C62B9E06-2DB0-4186-A1F4-BCDE0778635B}"
	ProjectSection(ProjectDependencies) = postProject
		{6589CC4A-746D-4282-9076-57CB05F6CAE4} = {6589CC4A-746D-4282-9076-57CB05F6CAE4}
	EndProjectSection
EndProject
Project("{8BC9CEB8-8B4A-11D0-8D11-00A0C91BC942}") = "test-basic.cgi", "appweb-win-i686\test-basic.cgi.vcxproj", "{081E18F4-0BC0-46DE-B37B-89F9AE162E6D}"
	ProjectSection(ProjectDependencies) = postProject
		{6589CC4A-746D-4282-9076-57CB05F6CAE4} = {6589CC4A-746D-4282-9076-57CB05F6CAE4}
	EndProjectSection
EndProject
Project("{8BC9CEB8-8B4A-11D0-8D11-00A0C91BC942}") = "test-cgiProgram", "appweb-win-i686\test-cgiProgram.vcxproj", "{FFF2C1F1-EF41-4840-B575-6128858DB7F0}"
	ProjectSection(ProjectDependencies) = postProject
		{6589CC4A-746D-4282-9076-57CB05F6CAE4} = {6589CC4A-746D-4282-9076-57CB05F6CAE4}
	EndProjectSection
EndProject
Project("{8BC9CEB8-8B4A-11D0-8D11-00A0C91BC942}") = "removeFiles", "appweb-win-i686\removeFiles.vcxproj", "{6BF15ABA-FA94-4EF6-91D1-C47F89BE0522}"
	ProjectSection(ProjectDependencies) = postProject
		{6589CC4A-746D-4282-9076-57CB05F6CAE4} = {6589CC4A-746D-4282-9076-57CB05F6CAE4}
	EndProjectSection
	ProjectSection(ProjectDependencies) = postProject
		{9651275B-C035-4265-A696-E2DC0147F040} = {9651275B-C035-4265-A696-E2DC0147F040}
	EndProjectSection
EndProject

Global
	GlobalSection(SolutionConfigurationPlatforms) = preSolution
		Debug|Win32 = Debug|Win32
	EndGlobalSection
	GlobalSection(ProjectConfigurationPlatforms) = postSolution
{6589CC4A-746D-4282-9076-57CB05F6CAE4}.Debug|Win32.ActiveCfg = Debug|Win32
{6589CC4A-746D-4282-9076-57CB05F6CAE4}.Debug|Win32.Build.0 = Debug|Win32
{9651275B-C035-4265-A696-E2DC0147F040}.Debug|Win32.ActiveCfg = Debug|Win32
{9651275B-C035-4265-A696-E2DC0147F040}.Debug|Win32.Build.0 = Debug|Win32
{D1614B75-B3F7-44A0-AC53-C81DDFDC00D6}.Debug|Win32.ActiveCfg = Debug|Win32
{D1614B75-B3F7-44A0-AC53-C81DDFDC00D6}.Debug|Win32.Build.0 = Debug|Win32
{30C881EA-D69B-4B01-93C2-09EBBE0E9608}.Debug|Win32.ActiveCfg = Debug|Win32
{30C881EA-D69B-4B01-93C2-09EBBE0E9608}.Debug|Win32.Build.0 = Debug|Win32
{EBDEAACB-4CCE-4C6D-9F21-A3DAB8941E63}.Debug|Win32.ActiveCfg = Debug|Win32
{EBDEAACB-4CCE-4C6D-9F21-A3DAB8941E63}.Debug|Win32.Build.0 = Debug|Win32
{40A6AB0D-04C1-4486-97B2-3B6D4FEE198F}.Debug|Win32.ActiveCfg = Debug|Win32
{40A6AB0D-04C1-4486-97B2-3B6D4FEE198F}.Debug|Win32.Build.0 = Debug|Win32
{1AFC1B00-A132-4507-8810-D12A6B0C8DA7}.Debug|Win32.ActiveCfg = Debug|Win32
{1AFC1B00-A132-4507-8810-D12A6B0C8DA7}.Debug|Win32.Build.0 = Debug|Win32
{2ED553A4-C82B-4EAA-9ED7-25151963B1B7}.Debug|Win32.ActiveCfg = Debug|Win32
{2ED553A4-C82B-4EAA-9ED7-25151963B1B7}.Debug|Win32.Build.0 = Debug|Win32
{EB15EBA2-6B6C-4BFB-991A-6802A371BFA2}.Debug|Win32.ActiveCfg = Debug|Win32
{EB15EBA2-6B6C-4BFB-991A-6802A371BFA2}.Debug|Win32.Build.0 = Debug|Win32
{5A421E59-8992-40A0-97E4-EA405D64E2D5}.Debug|Win32.ActiveCfg = Debug|Win32
{5A421E59-8992-40A0-97E4-EA405D64E2D5}.Debug|Win32.Build.0 = Debug|Win32
{66002183-4B43-4751-B3F4-36AD8E08BE3C}.Debug|Win32.ActiveCfg = Debug|Win32
{66002183-4B43-4751-B3F4-36AD8E08BE3C}.Debug|Win32.Build.0 = Debug|Win32
{9EB51D9E-5B85-410D-9913-4912EA2928BF}.Debug|Win32.ActiveCfg = Debug|Win32
{9EB51D9E-5B85-410D-9913-4912EA2928BF}.Debug|Win32.Build.0 = Debug|Win32
{4B41C5F1-A9D9-4DD2-896A-B6C2D5CEDFD7}.Debug|Win32.ActiveCfg = Debug|Win32
{4B41C5F1-A9D9-4DD2-896A-B6C2D5CEDFD7}.Debug|Win32.Build.0 = Debug|Win32
{80DC892B-C6A8-4A69-8BD3-B400E555FA9D}.Debug|Win32.ActiveCfg = Debug|Win32
{80DC892B-C6A8-4A69-8BD3-B400E555FA9D}.Debug|Win32.Build.0 = Debug|Win32
{77FFAD52-D464-4A0E-9170-764A2886CA39}.Debug|Win32.ActiveCfg = Debug|Win32
{77FFAD52-D464-4A0E-9170-764A2886CA39}.Debug|Win32.Build.0 = Debug|Win32
{23D633D5-5B77-4AC1-88C4-0CBE6EC41B81}.Debug|Win32.ActiveCfg = Debug|Win32
{23D633D5-5B77-4AC1-88C4-0CBE6EC41B81}.Debug|Win32.Build.0 = Debug|Win32
{77E27C60-9199-463C-AD35-36058F3F3CB6}.Debug|Win32.ActiveCfg = Debug|Win32
{77E27C60-9199-463C-AD35-36058F3F3CB6}.Debug|Win32.Build.0 = Debug|Win32
{524C7B68-E9AD-4C16-A2D8-F10C11BC755B}.Debug|Win32.ActiveCfg = Debug|Win32
{524C7B68-E9AD-4C16-A2D8-F10C11BC755B}.Debug|Win32.Build.0 = Debug|Win32
{F4F949B0-6457-41CB-9EA7-A1BF1CC8EE5C}.Debug|Win32.ActiveCfg = Debug|Win32
{F4F949B0-6457-41CB-9EA7-A1BF1CC8EE5C}.Debug|Win32.Build.0 = Debug|Win32
{7316F140-3A06-4125-A34A-F39D11BB56EF}.Debug|Win32.ActiveCfg = Debug|Win32
{7316F140-3A06-4125-A34A-F39D11BB56EF}.Debug|Win32.Build.0 = Debug|Win32
{656E4D4E-0EA3-4E80-829D-FBA766A4596C}.Debug|Win32.ActiveCfg = Debug|Win32
{656E4D4E-0EA3-4E80-829D-FBA766A4596C}.Debug|Win32.Build.0 = Debug|Win32
{C62B9E06-2DB0-4186-A1F4-BCDE0778635B}.Debug|Win32.ActiveCfg = Debug|Win32
{C62B9E06-2DB0-4186-A1F4-BCDE0778635B}.Debug|Win32.Build.0 = Debug|Win32
{081E18F4-0BC0-46DE-B37B-89F9AE162E6D}.Debug|Win32.ActiveCfg = Debug|Win32
{081E18F4-0BC0-46DE-B37B-89F9AE162E6D}.Debug|Win32.Build.0 = Debug|Win32
{FFF2C1F1-EF41-4840-B575-6128858DB7F0}.Debug|Win32.ActiveCfg = Debug|Win32
{FFF2C1F1-EF41-4840-B575-6128858DB7F0}.Debug|Win32.Build.0 = Debug|Win32
{6BF15ABA-FA94-4EF6-91D1-C47F89BE0522}.Debug|Win32.ActiveCfg = Debug|Win32
{6BF15ABA-FA94-4EF6-91D1-C47F89BE0522}.Debug|Win32.Build.0 = Debug|Win32
EndGlobalSection

  GlobalSection(SolutionProperties) = preSolution
    HideSolutionNode = FALSE
  EndGlobalSection
EndGlobal
