Microsoft Visual Studio Solution File, Format Version 11.00
# Visual Studio 2010
Project("{8BC9CEB8-8B4A-11D0-8D11-00A0C91BC942}") = "prep", "appweb-windows\prep.vcxproj", "{6589CC4A-746D-4282-9076-57CB05F6CAE4}"
EndProject
Project("{8BC9CEB8-8B4A-11D0-8D11-00A0C91BC942}") = "libmpr", "appweb-windows\libmpr.vcxproj", "{9651275B-C035-4265-A696-E2DC0147F040}"
	ProjectSection(ProjectDependencies) = postProject
		{6589CC4A-746D-4282-9076-57CB05F6CAE4} = {6589CC4A-746D-4282-9076-57CB05F6CAE4}
	EndProjectSection
EndProject
Project("{8BC9CEB8-8B4A-11D0-8D11-00A0C91BC942}") = "libmprssl", "appweb-windows\libmprssl.vcxproj", "{D1614B75-B3F7-44A0-AC53-C81DDFDC00D6}"
	ProjectSection(ProjectDependencies) = postProject
		{6589CC4A-746D-4282-9076-57CB05F6CAE4} = {6589CC4A-746D-4282-9076-57CB05F6CAE4}
	EndProjectSection
	ProjectSection(ProjectDependencies) = postProject
		{9651275B-C035-4265-A696-E2DC0147F040} = {9651275B-C035-4265-A696-E2DC0147F040}
	EndProjectSection
EndProject
Project("{8BC9CEB8-8B4A-11D0-8D11-00A0C91BC942}") = "manager", "appweb-windows\manager.vcxproj", "{30C881EA-D69B-4B01-93C2-09EBBE0E9608}"
	ProjectSection(ProjectDependencies) = postProject
		{6589CC4A-746D-4282-9076-57CB05F6CAE4} = {6589CC4A-746D-4282-9076-57CB05F6CAE4}
	EndProjectSection
	ProjectSection(ProjectDependencies) = postProject
		{9651275B-C035-4265-A696-E2DC0147F040} = {9651275B-C035-4265-A696-E2DC0147F040}
	EndProjectSection
EndProject
Project("{8BC9CEB8-8B4A-11D0-8D11-00A0C91BC942}") = "makerom", "appweb-windows\makerom.vcxproj", "{EBDEAACB-4CCE-4C6D-9F21-A3DAB8941E63}"
	ProjectSection(ProjectDependencies) = postProject
		{6589CC4A-746D-4282-9076-57CB05F6CAE4} = {6589CC4A-746D-4282-9076-57CB05F6CAE4}
	EndProjectSection
	ProjectSection(ProjectDependencies) = postProject
		{9651275B-C035-4265-A696-E2DC0147F040} = {9651275B-C035-4265-A696-E2DC0147F040}
	EndProjectSection
EndProject
Project("{8BC9CEB8-8B4A-11D0-8D11-00A0C91BC942}") = "libpcre", "appweb-windows\libpcre.vcxproj", "{40A6AB0D-04C1-4486-97B2-3B6D4FEE198F}"
	ProjectSection(ProjectDependencies) = postProject
		{6589CC4A-746D-4282-9076-57CB05F6CAE4} = {6589CC4A-746D-4282-9076-57CB05F6CAE4}
	EndProjectSection
EndProject
Project("{8BC9CEB8-8B4A-11D0-8D11-00A0C91BC942}") = "libhttp", "appweb-windows\libhttp.vcxproj", "{1AFC1B00-A132-4507-8810-D12A6B0C8DA7}"
	ProjectSection(ProjectDependencies) = postProject
		{6589CC4A-746D-4282-9076-57CB05F6CAE4} = {6589CC4A-746D-4282-9076-57CB05F6CAE4}
	EndProjectSection
	ProjectSection(ProjectDependencies) = postProject
		{9651275B-C035-4265-A696-E2DC0147F040} = {9651275B-C035-4265-A696-E2DC0147F040}
	EndProjectSection
	ProjectSection(ProjectDependencies) = postProject
		{40A6AB0D-04C1-4486-97B2-3B6D4FEE198F} = {40A6AB0D-04C1-4486-97B2-3B6D4FEE198F}
	EndProjectSection
	ProjectSection(ProjectDependencies) = postProject
		{D1614B75-B3F7-44A0-AC53-C81DDFDC00D6} = {D1614B75-B3F7-44A0-AC53-C81DDFDC00D6}
	EndProjectSection
EndProject
Project("{8BC9CEB8-8B4A-11D0-8D11-00A0C91BC942}") = "http", "appweb-windows\http.vcxproj", "{2ED553A4-C82B-4EAA-9ED7-25151963B1B7}"
	ProjectSection(ProjectDependencies) = postProject
		{6589CC4A-746D-4282-9076-57CB05F6CAE4} = {6589CC4A-746D-4282-9076-57CB05F6CAE4}
	EndProjectSection
	ProjectSection(ProjectDependencies) = postProject
		{1AFC1B00-A132-4507-8810-D12A6B0C8DA7} = {1AFC1B00-A132-4507-8810-D12A6B0C8DA7}
	EndProjectSection
EndProject
Project("{8BC9CEB8-8B4A-11D0-8D11-00A0C91BC942}") = "libsqlite3", "appweb-windows\libsqlite3.vcxproj", "{EB15EBA2-6B6C-4BFB-991A-6802A371BFA2}"
	ProjectSection(ProjectDependencies) = postProject
		{6589CC4A-746D-4282-9076-57CB05F6CAE4} = {6589CC4A-746D-4282-9076-57CB05F6CAE4}
	EndProjectSection
EndProject
Project("{8BC9CEB8-8B4A-11D0-8D11-00A0C91BC942}") = "sqlite", "appweb-windows\sqlite.vcxproj", "{5A421E59-8992-40A0-97E4-EA405D64E2D5}"
	ProjectSection(ProjectDependencies) = postProject
		{6589CC4A-746D-4282-9076-57CB05F6CAE4} = {6589CC4A-746D-4282-9076-57CB05F6CAE4}
	EndProjectSection
	ProjectSection(ProjectDependencies) = postProject
		{EB15EBA2-6B6C-4BFB-991A-6802A371BFA2} = {EB15EBA2-6B6C-4BFB-991A-6802A371BFA2}
	EndProjectSection
EndProject
Project("{8BC9CEB8-8B4A-11D0-8D11-00A0C91BC942}") = "libappweb", "appweb-windows\libappweb.vcxproj", "{66002183-4B43-4751-B3F4-36AD8E08BE3C}"
	ProjectSection(ProjectDependencies) = postProject
		{6589CC4A-746D-4282-9076-57CB05F6CAE4} = {6589CC4A-746D-4282-9076-57CB05F6CAE4}
	EndProjectSection
	ProjectSection(ProjectDependencies) = postProject
		{1AFC1B00-A132-4507-8810-D12A6B0C8DA7} = {1AFC1B00-A132-4507-8810-D12A6B0C8DA7}
	EndProjectSection
EndProject
Project("{8BC9CEB8-8B4A-11D0-8D11-00A0C91BC942}") = "mod_esp", "appweb-windows\mod_esp.vcxproj", "{9EB51D9E-5B85-410D-9913-4912EA2928BF}"
	ProjectSection(ProjectDependencies) = postProject
		{6589CC4A-746D-4282-9076-57CB05F6CAE4} = {6589CC4A-746D-4282-9076-57CB05F6CAE4}
	EndProjectSection
	ProjectSection(ProjectDependencies) = postProject
		{66002183-4B43-4751-B3F4-36AD8E08BE3C} = {66002183-4B43-4751-B3F4-36AD8E08BE3C}
	EndProjectSection
EndProject
Project("{8BC9CEB8-8B4A-11D0-8D11-00A0C91BC942}") = "esp", "appweb-windows\esp.vcxproj", "{4B41C5F1-A9D9-4DD2-896A-B6C2D5CEDFD7}"
	ProjectSection(ProjectDependencies) = postProject
		{6589CC4A-746D-4282-9076-57CB05F6CAE4} = {6589CC4A-746D-4282-9076-57CB05F6CAE4}
	EndProjectSection
	ProjectSection(ProjectDependencies) = postProject
		{66002183-4B43-4751-B3F4-36AD8E08BE3C} = {66002183-4B43-4751-B3F4-36AD8E08BE3C}
	EndProjectSection
EndProject
Project("{8BC9CEB8-8B4A-11D0-8D11-00A0C91BC942}") = "esp.conf", "appweb-windows\esp.conf.vcxproj", "{4BC8CBE4-70BD-405B-AE01-DCEE4654C66C}"
	ProjectSection(ProjectDependencies) = postProject
		{6589CC4A-746D-4282-9076-57CB05F6CAE4} = {6589CC4A-746D-4282-9076-57CB05F6CAE4}
	EndProjectSection
EndProject
Project("{8BC9CEB8-8B4A-11D0-8D11-00A0C91BC942}") = "esp.www", "appweb-windows\esp.www.vcxproj", "{69A85593-92EA-40E5-88E5-92D6E1878E5F}"
	ProjectSection(ProjectDependencies) = postProject
		{6589CC4A-746D-4282-9076-57CB05F6CAE4} = {6589CC4A-746D-4282-9076-57CB05F6CAE4}
	EndProjectSection
EndProject
Project("{8BC9CEB8-8B4A-11D0-8D11-00A0C91BC942}") = "esp-appweb.conf", "appweb-windows\esp-appweb.conf.vcxproj", "{CF329C0C-D3EA-47BF-A0D5-FA54BD24017A}"
	ProjectSection(ProjectDependencies) = postProject
		{6589CC4A-746D-4282-9076-57CB05F6CAE4} = {6589CC4A-746D-4282-9076-57CB05F6CAE4}
	EndProjectSection
EndProject
Project("{8BC9CEB8-8B4A-11D0-8D11-00A0C91BC942}") = "mod_cgi", "appweb-windows\mod_cgi.vcxproj", "{80DC892B-C6A8-4A69-8BD3-B400E555FA9D}"
	ProjectSection(ProjectDependencies) = postProject
		{6589CC4A-746D-4282-9076-57CB05F6CAE4} = {6589CC4A-746D-4282-9076-57CB05F6CAE4}
	EndProjectSection
	ProjectSection(ProjectDependencies) = postProject
		{66002183-4B43-4751-B3F4-36AD8E08BE3C} = {66002183-4B43-4751-B3F4-36AD8E08BE3C}
	EndProjectSection
EndProject
Project("{8BC9CEB8-8B4A-11D0-8D11-00A0C91BC942}") = "auth", "appweb-windows\auth.vcxproj", "{77FFAD52-D464-4A0E-9170-764A2886CA39}"
	ProjectSection(ProjectDependencies) = postProject
		{6589CC4A-746D-4282-9076-57CB05F6CAE4} = {6589CC4A-746D-4282-9076-57CB05F6CAE4}
	EndProjectSection
	ProjectSection(ProjectDependencies) = postProject
		{9651275B-C035-4265-A696-E2DC0147F040} = {9651275B-C035-4265-A696-E2DC0147F040}
	EndProjectSection
EndProject
Project("{8BC9CEB8-8B4A-11D0-8D11-00A0C91BC942}") = "cgiProgram", "appweb-windows\cgiProgram.vcxproj", "{23D633D5-5B77-4AC1-88C4-0CBE6EC41B81}"
	ProjectSection(ProjectDependencies) = postProject
		{6589CC4A-746D-4282-9076-57CB05F6CAE4} = {6589CC4A-746D-4282-9076-57CB05F6CAE4}
	EndProjectSection
EndProject
Project("{8BC9CEB8-8B4A-11D0-8D11-00A0C91BC942}") = "setConfig", "appweb-windows\setConfig.vcxproj", "{77E27C60-9199-463C-AD35-36058F3F3CB6}"
	ProjectSection(ProjectDependencies) = postProject
		{6589CC4A-746D-4282-9076-57CB05F6CAE4} = {6589CC4A-746D-4282-9076-57CB05F6CAE4}
	EndProjectSection
	ProjectSection(ProjectDependencies) = postProject
		{9651275B-C035-4265-A696-E2DC0147F040} = {9651275B-C035-4265-A696-E2DC0147F040}
	EndProjectSection
EndProject
Project("{8BC9CEB8-8B4A-11D0-8D11-00A0C91BC942}") = "appweb", "appweb-windows\appweb.vcxproj", "{524C7B68-E9AD-4C16-A2D8-F10C11BC755B}"
	ProjectSection(ProjectDependencies) = postProject
		{6589CC4A-746D-4282-9076-57CB05F6CAE4} = {6589CC4A-746D-4282-9076-57CB05F6CAE4}
	EndProjectSection
	ProjectSection(ProjectDependencies) = postProject
		{66002183-4B43-4751-B3F4-36AD8E08BE3C} = {66002183-4B43-4751-B3F4-36AD8E08BE3C}
	EndProjectSection
EndProject
Project("{8BC9CEB8-8B4A-11D0-8D11-00A0C91BC942}") = "appwebMonitor", "appweb-windows\appwebMonitor.vcxproj", "{F4F949B0-6457-41CB-9EA7-A1BF1CC8EE5C}"
	ProjectSection(ProjectDependencies) = postProject
		{6589CC4A-746D-4282-9076-57CB05F6CAE4} = {6589CC4A-746D-4282-9076-57CB05F6CAE4}
	EndProjectSection
	ProjectSection(ProjectDependencies) = postProject
		{66002183-4B43-4751-B3F4-36AD8E08BE3C} = {66002183-4B43-4751-B3F4-36AD8E08BE3C}
	EndProjectSection
EndProject
Project("{8BC9CEB8-8B4A-11D0-8D11-00A0C91BC942}") = "appwebMonitor.ico", "appweb-windows\appwebMonitor.ico.vcxproj", "{EB7F6523-4422-4685-8411-056BEE5BC558}"
	ProjectSection(ProjectDependencies) = postProject
		{6589CC4A-746D-4282-9076-57CB05F6CAE4} = {6589CC4A-746D-4282-9076-57CB05F6CAE4}
	EndProjectSection
EndProject
Project("{8BC9CEB8-8B4A-11D0-8D11-00A0C91BC942}") = "testAppweb", "appweb-windows\testAppweb.vcxproj", "{7316F140-3A06-4125-A34A-F39D11BB56EF}"
	ProjectSection(ProjectDependencies) = postProject
		{6589CC4A-746D-4282-9076-57CB05F6CAE4} = {6589CC4A-746D-4282-9076-57CB05F6CAE4}
	EndProjectSection
	ProjectSection(ProjectDependencies) = postProject
		{66002183-4B43-4751-B3F4-36AD8E08BE3C} = {66002183-4B43-4751-B3F4-36AD8E08BE3C}
	EndProjectSection
EndProject
Project("{8BC9CEB8-8B4A-11D0-8D11-00A0C91BC942}") = "test-testScript", "appweb-windows\test-testScript.vcxproj", "{656E4D4E-0EA3-4E80-829D-FBA766A4596C}"
	ProjectSection(ProjectDependencies) = postProject
		{6589CC4A-746D-4282-9076-57CB05F6CAE4} = {6589CC4A-746D-4282-9076-57CB05F6CAE4}
	EndProjectSection
	ProjectSection(ProjectDependencies) = postProject
		{23D633D5-5B77-4AC1-88C4-0CBE6EC41B81} = {23D633D5-5B77-4AC1-88C4-0CBE6EC41B81}
	EndProjectSection
EndProject
Project("{8BC9CEB8-8B4A-11D0-8D11-00A0C91BC942}") = "test-cache.cgi", "appweb-windows\test-cache.cgi.vcxproj", "{C62B9E06-2DB0-4186-A1F4-BCDE0778635B}"
	ProjectSection(ProjectDependencies) = postProject
		{6589CC4A-746D-4282-9076-57CB05F6CAE4} = {6589CC4A-746D-4282-9076-57CB05F6CAE4}
	EndProjectSection
EndProject
Project("{8BC9CEB8-8B4A-11D0-8D11-00A0C91BC942}") = "test-basic.cgi", "appweb-windows\test-basic.cgi.vcxproj", "{081E18F4-0BC0-46DE-B37B-89F9AE162E6D}"
	ProjectSection(ProjectDependencies) = postProject
		{6589CC4A-746D-4282-9076-57CB05F6CAE4} = {6589CC4A-746D-4282-9076-57CB05F6CAE4}
	EndProjectSection
EndProject
Project("{8BC9CEB8-8B4A-11D0-8D11-00A0C91BC942}") = "test-cgiProgram", "appweb-windows\test-cgiProgram.vcxproj", "{FFF2C1F1-EF41-4840-B575-6128858DB7F0}"
	ProjectSection(ProjectDependencies) = postProject
		{6589CC4A-746D-4282-9076-57CB05F6CAE4} = {6589CC4A-746D-4282-9076-57CB05F6CAE4}
	EndProjectSection
	ProjectSection(ProjectDependencies) = postProject
		{23D633D5-5B77-4AC1-88C4-0CBE6EC41B81} = {23D633D5-5B77-4AC1-88C4-0CBE6EC41B81}
	EndProjectSection
EndProject
Project("{8BC9CEB8-8B4A-11D0-8D11-00A0C91BC942}") = "removeFiles", "appweb-windows\removeFiles.vcxproj", "{6BF15ABA-FA94-4EF6-91D1-C47F89BE0522}"
	ProjectSection(ProjectDependencies) = postProject
		{6589CC4A-746D-4282-9076-57CB05F6CAE4} = {6589CC4A-746D-4282-9076-57CB05F6CAE4}
	EndProjectSection
	ProjectSection(ProjectDependencies) = postProject
		{9651275B-C035-4265-A696-E2DC0147F040} = {9651275B-C035-4265-A696-E2DC0147F040}
	EndProjectSection
EndProject

Global
	GlobalSection(SolutionConfigurationPlatforms) = preSolution
		Debug|Win32 = Debug|Win32
		Debug|x64 = Debug|x64
		Release|Win32 = Release|Win32
		Release|x64 = Release|x64
	EndGlobalSection
	GlobalSection(ProjectConfigurationPlatforms) = postSolution
{6589CC4A-746D-4282-9076-57CB05F6CAE4}.Debug|Win32.ActiveCfg = Debug|Win32
{6589CC4A-746D-4282-9076-57CB05F6CAE4}.Debug|Win32.Build.0 = Debug|Win32
{6589CC4A-746D-4282-9076-57CB05F6CAE4}.Debug|x64.ActiveCfg = Debug|x64
{6589CC4A-746D-4282-9076-57CB05F6CAE4}.Debug|x64.Build.0 = Debug|x64
{6589CC4A-746D-4282-9076-57CB05F6CAE4}.Release|Win32.ActiveCfg = Release|Win32
{6589CC4A-746D-4282-9076-57CB05F6CAE4}.Release|Win32.Build.0 = Release|Win32
{6589CC4A-746D-4282-9076-57CB05F6CAE4}.Release|x64.ActiveCfg = Release|x64
{6589CC4A-746D-4282-9076-57CB05F6CAE4}.Release|x64.Build.0 = Release|x64
{9651275B-C035-4265-A696-E2DC0147F040}.Debug|Win32.ActiveCfg = Debug|Win32
{9651275B-C035-4265-A696-E2DC0147F040}.Debug|Win32.Build.0 = Debug|Win32
{9651275B-C035-4265-A696-E2DC0147F040}.Debug|x64.ActiveCfg = Debug|x64
{9651275B-C035-4265-A696-E2DC0147F040}.Debug|x64.Build.0 = Debug|x64
{9651275B-C035-4265-A696-E2DC0147F040}.Release|Win32.ActiveCfg = Release|Win32
{9651275B-C035-4265-A696-E2DC0147F040}.Release|Win32.Build.0 = Release|Win32
{9651275B-C035-4265-A696-E2DC0147F040}.Release|x64.ActiveCfg = Release|x64
{9651275B-C035-4265-A696-E2DC0147F040}.Release|x64.Build.0 = Release|x64
{D1614B75-B3F7-44A0-AC53-C81DDFDC00D6}.Debug|Win32.ActiveCfg = Debug|Win32
{D1614B75-B3F7-44A0-AC53-C81DDFDC00D6}.Debug|Win32.Build.0 = Debug|Win32
{D1614B75-B3F7-44A0-AC53-C81DDFDC00D6}.Debug|x64.ActiveCfg = Debug|x64
{D1614B75-B3F7-44A0-AC53-C81DDFDC00D6}.Debug|x64.Build.0 = Debug|x64
{D1614B75-B3F7-44A0-AC53-C81DDFDC00D6}.Release|Win32.ActiveCfg = Release|Win32
{D1614B75-B3F7-44A0-AC53-C81DDFDC00D6}.Release|Win32.Build.0 = Release|Win32
{D1614B75-B3F7-44A0-AC53-C81DDFDC00D6}.Release|x64.ActiveCfg = Release|x64
{D1614B75-B3F7-44A0-AC53-C81DDFDC00D6}.Release|x64.Build.0 = Release|x64
{30C881EA-D69B-4B01-93C2-09EBBE0E9608}.Debug|Win32.ActiveCfg = Debug|Win32
{30C881EA-D69B-4B01-93C2-09EBBE0E9608}.Debug|Win32.Build.0 = Debug|Win32
{30C881EA-D69B-4B01-93C2-09EBBE0E9608}.Debug|x64.ActiveCfg = Debug|x64
{30C881EA-D69B-4B01-93C2-09EBBE0E9608}.Debug|x64.Build.0 = Debug|x64
{30C881EA-D69B-4B01-93C2-09EBBE0E9608}.Release|Win32.ActiveCfg = Release|Win32
{30C881EA-D69B-4B01-93C2-09EBBE0E9608}.Release|Win32.Build.0 = Release|Win32
{30C881EA-D69B-4B01-93C2-09EBBE0E9608}.Release|x64.ActiveCfg = Release|x64
{30C881EA-D69B-4B01-93C2-09EBBE0E9608}.Release|x64.Build.0 = Release|x64
{EBDEAACB-4CCE-4C6D-9F21-A3DAB8941E63}.Debug|Win32.ActiveCfg = Debug|Win32
{EBDEAACB-4CCE-4C6D-9F21-A3DAB8941E63}.Debug|Win32.Build.0 = Debug|Win32
{EBDEAACB-4CCE-4C6D-9F21-A3DAB8941E63}.Debug|x64.ActiveCfg = Debug|x64
{EBDEAACB-4CCE-4C6D-9F21-A3DAB8941E63}.Debug|x64.Build.0 = Debug|x64
{EBDEAACB-4CCE-4C6D-9F21-A3DAB8941E63}.Release|Win32.ActiveCfg = Release|Win32
{EBDEAACB-4CCE-4C6D-9F21-A3DAB8941E63}.Release|Win32.Build.0 = Release|Win32
{EBDEAACB-4CCE-4C6D-9F21-A3DAB8941E63}.Release|x64.ActiveCfg = Release|x64
{EBDEAACB-4CCE-4C6D-9F21-A3DAB8941E63}.Release|x64.Build.0 = Release|x64
{40A6AB0D-04C1-4486-97B2-3B6D4FEE198F}.Debug|Win32.ActiveCfg = Debug|Win32
{40A6AB0D-04C1-4486-97B2-3B6D4FEE198F}.Debug|Win32.Build.0 = Debug|Win32
{40A6AB0D-04C1-4486-97B2-3B6D4FEE198F}.Debug|x64.ActiveCfg = Debug|x64
{40A6AB0D-04C1-4486-97B2-3B6D4FEE198F}.Debug|x64.Build.0 = Debug|x64
{40A6AB0D-04C1-4486-97B2-3B6D4FEE198F}.Release|Win32.ActiveCfg = Release|Win32
{40A6AB0D-04C1-4486-97B2-3B6D4FEE198F}.Release|Win32.Build.0 = Release|Win32
{40A6AB0D-04C1-4486-97B2-3B6D4FEE198F}.Release|x64.ActiveCfg = Release|x64
{40A6AB0D-04C1-4486-97B2-3B6D4FEE198F}.Release|x64.Build.0 = Release|x64
{1AFC1B00-A132-4507-8810-D12A6B0C8DA7}.Debug|Win32.ActiveCfg = Debug|Win32
{1AFC1B00-A132-4507-8810-D12A6B0C8DA7}.Debug|Win32.Build.0 = Debug|Win32
{1AFC1B00-A132-4507-8810-D12A6B0C8DA7}.Debug|x64.ActiveCfg = Debug|x64
{1AFC1B00-A132-4507-8810-D12A6B0C8DA7}.Debug|x64.Build.0 = Debug|x64
{1AFC1B00-A132-4507-8810-D12A6B0C8DA7}.Release|Win32.ActiveCfg = Release|Win32
{1AFC1B00-A132-4507-8810-D12A6B0C8DA7}.Release|Win32.Build.0 = Release|Win32
{1AFC1B00-A132-4507-8810-D12A6B0C8DA7}.Release|x64.ActiveCfg = Release|x64
{1AFC1B00-A132-4507-8810-D12A6B0C8DA7}.Release|x64.Build.0 = Release|x64
{2ED553A4-C82B-4EAA-9ED7-25151963B1B7}.Debug|Win32.ActiveCfg = Debug|Win32
{2ED553A4-C82B-4EAA-9ED7-25151963B1B7}.Debug|Win32.Build.0 = Debug|Win32
{2ED553A4-C82B-4EAA-9ED7-25151963B1B7}.Debug|x64.ActiveCfg = Debug|x64
{2ED553A4-C82B-4EAA-9ED7-25151963B1B7}.Debug|x64.Build.0 = Debug|x64
{2ED553A4-C82B-4EAA-9ED7-25151963B1B7}.Release|Win32.ActiveCfg = Release|Win32
{2ED553A4-C82B-4EAA-9ED7-25151963B1B7}.Release|Win32.Build.0 = Release|Win32
{2ED553A4-C82B-4EAA-9ED7-25151963B1B7}.Release|x64.ActiveCfg = Release|x64
{2ED553A4-C82B-4EAA-9ED7-25151963B1B7}.Release|x64.Build.0 = Release|x64
{EB15EBA2-6B6C-4BFB-991A-6802A371BFA2}.Debug|Win32.ActiveCfg = Debug|Win32
{EB15EBA2-6B6C-4BFB-991A-6802A371BFA2}.Debug|Win32.Build.0 = Debug|Win32
{EB15EBA2-6B6C-4BFB-991A-6802A371BFA2}.Debug|x64.ActiveCfg = Debug|x64
{EB15EBA2-6B6C-4BFB-991A-6802A371BFA2}.Debug|x64.Build.0 = Debug|x64
{EB15EBA2-6B6C-4BFB-991A-6802A371BFA2}.Release|Win32.ActiveCfg = Release|Win32
{EB15EBA2-6B6C-4BFB-991A-6802A371BFA2}.Release|Win32.Build.0 = Release|Win32
{EB15EBA2-6B6C-4BFB-991A-6802A371BFA2}.Release|x64.ActiveCfg = Release|x64
{EB15EBA2-6B6C-4BFB-991A-6802A371BFA2}.Release|x64.Build.0 = Release|x64
{5A421E59-8992-40A0-97E4-EA405D64E2D5}.Debug|Win32.ActiveCfg = Debug|Win32
{5A421E59-8992-40A0-97E4-EA405D64E2D5}.Debug|Win32.Build.0 = Debug|Win32
{5A421E59-8992-40A0-97E4-EA405D64E2D5}.Debug|x64.ActiveCfg = Debug|x64
{5A421E59-8992-40A0-97E4-EA405D64E2D5}.Debug|x64.Build.0 = Debug|x64
{5A421E59-8992-40A0-97E4-EA405D64E2D5}.Release|Win32.ActiveCfg = Release|Win32
{5A421E59-8992-40A0-97E4-EA405D64E2D5}.Release|Win32.Build.0 = Release|Win32
{5A421E59-8992-40A0-97E4-EA405D64E2D5}.Release|x64.ActiveCfg = Release|x64
{5A421E59-8992-40A0-97E4-EA405D64E2D5}.Release|x64.Build.0 = Release|x64
{66002183-4B43-4751-B3F4-36AD8E08BE3C}.Debug|Win32.ActiveCfg = Debug|Win32
{66002183-4B43-4751-B3F4-36AD8E08BE3C}.Debug|Win32.Build.0 = Debug|Win32
{66002183-4B43-4751-B3F4-36AD8E08BE3C}.Debug|x64.ActiveCfg = Debug|x64
{66002183-4B43-4751-B3F4-36AD8E08BE3C}.Debug|x64.Build.0 = Debug|x64
{66002183-4B43-4751-B3F4-36AD8E08BE3C}.Release|Win32.ActiveCfg = Release|Win32
{66002183-4B43-4751-B3F4-36AD8E08BE3C}.Release|Win32.Build.0 = Release|Win32
{66002183-4B43-4751-B3F4-36AD8E08BE3C}.Release|x64.ActiveCfg = Release|x64
{66002183-4B43-4751-B3F4-36AD8E08BE3C}.Release|x64.Build.0 = Release|x64
{9EB51D9E-5B85-410D-9913-4912EA2928BF}.Debug|Win32.ActiveCfg = Debug|Win32
{9EB51D9E-5B85-410D-9913-4912EA2928BF}.Debug|Win32.Build.0 = Debug|Win32
{9EB51D9E-5B85-410D-9913-4912EA2928BF}.Debug|x64.ActiveCfg = Debug|x64
{9EB51D9E-5B85-410D-9913-4912EA2928BF}.Debug|x64.Build.0 = Debug|x64
{9EB51D9E-5B85-410D-9913-4912EA2928BF}.Release|Win32.ActiveCfg = Release|Win32
{9EB51D9E-5B85-410D-9913-4912EA2928BF}.Release|Win32.Build.0 = Release|Win32
{9EB51D9E-5B85-410D-9913-4912EA2928BF}.Release|x64.ActiveCfg = Release|x64
{9EB51D9E-5B85-410D-9913-4912EA2928BF}.Release|x64.Build.0 = Release|x64
{4B41C5F1-A9D9-4DD2-896A-B6C2D5CEDFD7}.Debug|Win32.ActiveCfg = Debug|Win32
{4B41C5F1-A9D9-4DD2-896A-B6C2D5CEDFD7}.Debug|Win32.Build.0 = Debug|Win32
{4B41C5F1-A9D9-4DD2-896A-B6C2D5CEDFD7}.Debug|x64.ActiveCfg = Debug|x64
{4B41C5F1-A9D9-4DD2-896A-B6C2D5CEDFD7}.Debug|x64.Build.0 = Debug|x64
{4B41C5F1-A9D9-4DD2-896A-B6C2D5CEDFD7}.Release|Win32.ActiveCfg = Release|Win32
{4B41C5F1-A9D9-4DD2-896A-B6C2D5CEDFD7}.Release|Win32.Build.0 = Release|Win32
{4B41C5F1-A9D9-4DD2-896A-B6C2D5CEDFD7}.Release|x64.ActiveCfg = Release|x64
{4B41C5F1-A9D9-4DD2-896A-B6C2D5CEDFD7}.Release|x64.Build.0 = Release|x64
{4BC8CBE4-70BD-405B-AE01-DCEE4654C66C}.Debug|Win32.ActiveCfg = Debug|Win32
{4BC8CBE4-70BD-405B-AE01-DCEE4654C66C}.Debug|Win32.Build.0 = Debug|Win32
{4BC8CBE4-70BD-405B-AE01-DCEE4654C66C}.Debug|x64.ActiveCfg = Debug|x64
{4BC8CBE4-70BD-405B-AE01-DCEE4654C66C}.Debug|x64.Build.0 = Debug|x64
{4BC8CBE4-70BD-405B-AE01-DCEE4654C66C}.Release|Win32.ActiveCfg = Release|Win32
{4BC8CBE4-70BD-405B-AE01-DCEE4654C66C}.Release|Win32.Build.0 = Release|Win32
{4BC8CBE4-70BD-405B-AE01-DCEE4654C66C}.Release|x64.ActiveCfg = Release|x64
{4BC8CBE4-70BD-405B-AE01-DCEE4654C66C}.Release|x64.Build.0 = Release|x64
{69A85593-92EA-40E5-88E5-92D6E1878E5F}.Debug|Win32.ActiveCfg = Debug|Win32
{69A85593-92EA-40E5-88E5-92D6E1878E5F}.Debug|Win32.Build.0 = Debug|Win32
{69A85593-92EA-40E5-88E5-92D6E1878E5F}.Debug|x64.ActiveCfg = Debug|x64
{69A85593-92EA-40E5-88E5-92D6E1878E5F}.Debug|x64.Build.0 = Debug|x64
{69A85593-92EA-40E5-88E5-92D6E1878E5F}.Release|Win32.ActiveCfg = Release|Win32
{69A85593-92EA-40E5-88E5-92D6E1878E5F}.Release|Win32.Build.0 = Release|Win32
{69A85593-92EA-40E5-88E5-92D6E1878E5F}.Release|x64.ActiveCfg = Release|x64
{69A85593-92EA-40E5-88E5-92D6E1878E5F}.Release|x64.Build.0 = Release|x64
{CF329C0C-D3EA-47BF-A0D5-FA54BD24017A}.Debug|Win32.ActiveCfg = Debug|Win32
{CF329C0C-D3EA-47BF-A0D5-FA54BD24017A}.Debug|Win32.Build.0 = Debug|Win32
{CF329C0C-D3EA-47BF-A0D5-FA54BD24017A}.Debug|x64.ActiveCfg = Debug|x64
{CF329C0C-D3EA-47BF-A0D5-FA54BD24017A}.Debug|x64.Build.0 = Debug|x64
{CF329C0C-D3EA-47BF-A0D5-FA54BD24017A}.Release|Win32.ActiveCfg = Release|Win32
{CF329C0C-D3EA-47BF-A0D5-FA54BD24017A}.Release|Win32.Build.0 = Release|Win32
{CF329C0C-D3EA-47BF-A0D5-FA54BD24017A}.Release|x64.ActiveCfg = Release|x64
{CF329C0C-D3EA-47BF-A0D5-FA54BD24017A}.Release|x64.Build.0 = Release|x64
{80DC892B-C6A8-4A69-8BD3-B400E555FA9D}.Debug|Win32.ActiveCfg = Debug|Win32
{80DC892B-C6A8-4A69-8BD3-B400E555FA9D}.Debug|Win32.Build.0 = Debug|Win32
{80DC892B-C6A8-4A69-8BD3-B400E555FA9D}.Debug|x64.ActiveCfg = Debug|x64
{80DC892B-C6A8-4A69-8BD3-B400E555FA9D}.Debug|x64.Build.0 = Debug|x64
{80DC892B-C6A8-4A69-8BD3-B400E555FA9D}.Release|Win32.ActiveCfg = Release|Win32
{80DC892B-C6A8-4A69-8BD3-B400E555FA9D}.Release|Win32.Build.0 = Release|Win32
{80DC892B-C6A8-4A69-8BD3-B400E555FA9D}.Release|x64.ActiveCfg = Release|x64
{80DC892B-C6A8-4A69-8BD3-B400E555FA9D}.Release|x64.Build.0 = Release|x64
{77FFAD52-D464-4A0E-9170-764A2886CA39}.Debug|Win32.ActiveCfg = Debug|Win32
{77FFAD52-D464-4A0E-9170-764A2886CA39}.Debug|Win32.Build.0 = Debug|Win32
{77FFAD52-D464-4A0E-9170-764A2886CA39}.Debug|x64.ActiveCfg = Debug|x64
{77FFAD52-D464-4A0E-9170-764A2886CA39}.Debug|x64.Build.0 = Debug|x64
{77FFAD52-D464-4A0E-9170-764A2886CA39}.Release|Win32.ActiveCfg = Release|Win32
{77FFAD52-D464-4A0E-9170-764A2886CA39}.Release|Win32.Build.0 = Release|Win32
{77FFAD52-D464-4A0E-9170-764A2886CA39}.Release|x64.ActiveCfg = Release|x64
{77FFAD52-D464-4A0E-9170-764A2886CA39}.Release|x64.Build.0 = Release|x64
{23D633D5-5B77-4AC1-88C4-0CBE6EC41B81}.Debug|Win32.ActiveCfg = Debug|Win32
{23D633D5-5B77-4AC1-88C4-0CBE6EC41B81}.Debug|Win32.Build.0 = Debug|Win32
{23D633D5-5B77-4AC1-88C4-0CBE6EC41B81}.Debug|x64.ActiveCfg = Debug|x64
{23D633D5-5B77-4AC1-88C4-0CBE6EC41B81}.Debug|x64.Build.0 = Debug|x64
{23D633D5-5B77-4AC1-88C4-0CBE6EC41B81}.Release|Win32.ActiveCfg = Release|Win32
{23D633D5-5B77-4AC1-88C4-0CBE6EC41B81}.Release|Win32.Build.0 = Release|Win32
{23D633D5-5B77-4AC1-88C4-0CBE6EC41B81}.Release|x64.ActiveCfg = Release|x64
{23D633D5-5B77-4AC1-88C4-0CBE6EC41B81}.Release|x64.Build.0 = Release|x64
{77E27C60-9199-463C-AD35-36058F3F3CB6}.Debug|Win32.ActiveCfg = Debug|Win32
{77E27C60-9199-463C-AD35-36058F3F3CB6}.Debug|Win32.Build.0 = Debug|Win32
{77E27C60-9199-463C-AD35-36058F3F3CB6}.Debug|x64.ActiveCfg = Debug|x64
{77E27C60-9199-463C-AD35-36058F3F3CB6}.Debug|x64.Build.0 = Debug|x64
{77E27C60-9199-463C-AD35-36058F3F3CB6}.Release|Win32.ActiveCfg = Release|Win32
{77E27C60-9199-463C-AD35-36058F3F3CB6}.Release|Win32.Build.0 = Release|Win32
{77E27C60-9199-463C-AD35-36058F3F3CB6}.Release|x64.ActiveCfg = Release|x64
{77E27C60-9199-463C-AD35-36058F3F3CB6}.Release|x64.Build.0 = Release|x64
{524C7B68-E9AD-4C16-A2D8-F10C11BC755B}.Debug|Win32.ActiveCfg = Debug|Win32
{524C7B68-E9AD-4C16-A2D8-F10C11BC755B}.Debug|Win32.Build.0 = Debug|Win32
{524C7B68-E9AD-4C16-A2D8-F10C11BC755B}.Debug|x64.ActiveCfg = Debug|x64
{524C7B68-E9AD-4C16-A2D8-F10C11BC755B}.Debug|x64.Build.0 = Debug|x64
{524C7B68-E9AD-4C16-A2D8-F10C11BC755B}.Release|Win32.ActiveCfg = Release|Win32
{524C7B68-E9AD-4C16-A2D8-F10C11BC755B}.Release|Win32.Build.0 = Release|Win32
{524C7B68-E9AD-4C16-A2D8-F10C11BC755B}.Release|x64.ActiveCfg = Release|x64
{524C7B68-E9AD-4C16-A2D8-F10C11BC755B}.Release|x64.Build.0 = Release|x64
{F4F949B0-6457-41CB-9EA7-A1BF1CC8EE5C}.Debug|Win32.ActiveCfg = Debug|Win32
{F4F949B0-6457-41CB-9EA7-A1BF1CC8EE5C}.Debug|Win32.Build.0 = Debug|Win32
{F4F949B0-6457-41CB-9EA7-A1BF1CC8EE5C}.Debug|x64.ActiveCfg = Debug|x64
{F4F949B0-6457-41CB-9EA7-A1BF1CC8EE5C}.Debug|x64.Build.0 = Debug|x64
{F4F949B0-6457-41CB-9EA7-A1BF1CC8EE5C}.Release|Win32.ActiveCfg = Release|Win32
{F4F949B0-6457-41CB-9EA7-A1BF1CC8EE5C}.Release|Win32.Build.0 = Release|Win32
{F4F949B0-6457-41CB-9EA7-A1BF1CC8EE5C}.Release|x64.ActiveCfg = Release|x64
{F4F949B0-6457-41CB-9EA7-A1BF1CC8EE5C}.Release|x64.Build.0 = Release|x64
{EB7F6523-4422-4685-8411-056BEE5BC558}.Debug|Win32.ActiveCfg = Debug|Win32
{EB7F6523-4422-4685-8411-056BEE5BC558}.Debug|Win32.Build.0 = Debug|Win32
{EB7F6523-4422-4685-8411-056BEE5BC558}.Debug|x64.ActiveCfg = Debug|x64
{EB7F6523-4422-4685-8411-056BEE5BC558}.Debug|x64.Build.0 = Debug|x64
{EB7F6523-4422-4685-8411-056BEE5BC558}.Release|Win32.ActiveCfg = Release|Win32
{EB7F6523-4422-4685-8411-056BEE5BC558}.Release|Win32.Build.0 = Release|Win32
{EB7F6523-4422-4685-8411-056BEE5BC558}.Release|x64.ActiveCfg = Release|x64
{EB7F6523-4422-4685-8411-056BEE5BC558}.Release|x64.Build.0 = Release|x64
{7316F140-3A06-4125-A34A-F39D11BB56EF}.Debug|Win32.ActiveCfg = Debug|Win32
{7316F140-3A06-4125-A34A-F39D11BB56EF}.Debug|Win32.Build.0 = Debug|Win32
{7316F140-3A06-4125-A34A-F39D11BB56EF}.Debug|x64.ActiveCfg = Debug|x64
{7316F140-3A06-4125-A34A-F39D11BB56EF}.Debug|x64.Build.0 = Debug|x64
{7316F140-3A06-4125-A34A-F39D11BB56EF}.Release|Win32.ActiveCfg = Release|Win32
{7316F140-3A06-4125-A34A-F39D11BB56EF}.Release|Win32.Build.0 = Release|Win32
{7316F140-3A06-4125-A34A-F39D11BB56EF}.Release|x64.ActiveCfg = Release|x64
{7316F140-3A06-4125-A34A-F39D11BB56EF}.Release|x64.Build.0 = Release|x64
{656E4D4E-0EA3-4E80-829D-FBA766A4596C}.Debug|Win32.ActiveCfg = Debug|Win32
{656E4D4E-0EA3-4E80-829D-FBA766A4596C}.Debug|Win32.Build.0 = Debug|Win32
{656E4D4E-0EA3-4E80-829D-FBA766A4596C}.Debug|x64.ActiveCfg = Debug|x64
{656E4D4E-0EA3-4E80-829D-FBA766A4596C}.Debug|x64.Build.0 = Debug|x64
{656E4D4E-0EA3-4E80-829D-FBA766A4596C}.Release|Win32.ActiveCfg = Release|Win32
{656E4D4E-0EA3-4E80-829D-FBA766A4596C}.Release|Win32.Build.0 = Release|Win32
{656E4D4E-0EA3-4E80-829D-FBA766A4596C}.Release|x64.ActiveCfg = Release|x64
{656E4D4E-0EA3-4E80-829D-FBA766A4596C}.Release|x64.Build.0 = Release|x64
{C62B9E06-2DB0-4186-A1F4-BCDE0778635B}.Debug|Win32.ActiveCfg = Debug|Win32
{C62B9E06-2DB0-4186-A1F4-BCDE0778635B}.Debug|Win32.Build.0 = Debug|Win32
{C62B9E06-2DB0-4186-A1F4-BCDE0778635B}.Debug|x64.ActiveCfg = Debug|x64
{C62B9E06-2DB0-4186-A1F4-BCDE0778635B}.Debug|x64.Build.0 = Debug|x64
{C62B9E06-2DB0-4186-A1F4-BCDE0778635B}.Release|Win32.ActiveCfg = Release|Win32
{C62B9E06-2DB0-4186-A1F4-BCDE0778635B}.Release|Win32.Build.0 = Release|Win32
{C62B9E06-2DB0-4186-A1F4-BCDE0778635B}.Release|x64.ActiveCfg = Release|x64
{C62B9E06-2DB0-4186-A1F4-BCDE0778635B}.Release|x64.Build.0 = Release|x64
{081E18F4-0BC0-46DE-B37B-89F9AE162E6D}.Debug|Win32.ActiveCfg = Debug|Win32
{081E18F4-0BC0-46DE-B37B-89F9AE162E6D}.Debug|Win32.Build.0 = Debug|Win32
{081E18F4-0BC0-46DE-B37B-89F9AE162E6D}.Debug|x64.ActiveCfg = Debug|x64
{081E18F4-0BC0-46DE-B37B-89F9AE162E6D}.Debug|x64.Build.0 = Debug|x64
{081E18F4-0BC0-46DE-B37B-89F9AE162E6D}.Release|Win32.ActiveCfg = Release|Win32
{081E18F4-0BC0-46DE-B37B-89F9AE162E6D}.Release|Win32.Build.0 = Release|Win32
{081E18F4-0BC0-46DE-B37B-89F9AE162E6D}.Release|x64.ActiveCfg = Release|x64
{081E18F4-0BC0-46DE-B37B-89F9AE162E6D}.Release|x64.Build.0 = Release|x64
{FFF2C1F1-EF41-4840-B575-6128858DB7F0}.Debug|Win32.ActiveCfg = Debug|Win32
{FFF2C1F1-EF41-4840-B575-6128858DB7F0}.Debug|Win32.Build.0 = Debug|Win32
{FFF2C1F1-EF41-4840-B575-6128858DB7F0}.Debug|x64.ActiveCfg = Debug|x64
{FFF2C1F1-EF41-4840-B575-6128858DB7F0}.Debug|x64.Build.0 = Debug|x64
{FFF2C1F1-EF41-4840-B575-6128858DB7F0}.Release|Win32.ActiveCfg = Release|Win32
{FFF2C1F1-EF41-4840-B575-6128858DB7F0}.Release|Win32.Build.0 = Release|Win32
{FFF2C1F1-EF41-4840-B575-6128858DB7F0}.Release|x64.ActiveCfg = Release|x64
{FFF2C1F1-EF41-4840-B575-6128858DB7F0}.Release|x64.Build.0 = Release|x64
{6BF15ABA-FA94-4EF6-91D1-C47F89BE0522}.Debug|Win32.ActiveCfg = Debug|Win32
{6BF15ABA-FA94-4EF6-91D1-C47F89BE0522}.Debug|Win32.Build.0 = Debug|Win32
{6BF15ABA-FA94-4EF6-91D1-C47F89BE0522}.Debug|x64.ActiveCfg = Debug|x64
{6BF15ABA-FA94-4EF6-91D1-C47F89BE0522}.Debug|x64.Build.0 = Debug|x64
{6BF15ABA-FA94-4EF6-91D1-C47F89BE0522}.Release|Win32.ActiveCfg = Release|Win32
{6BF15ABA-FA94-4EF6-91D1-C47F89BE0522}.Release|Win32.Build.0 = Release|Win32
{6BF15ABA-FA94-4EF6-91D1-C47F89BE0522}.Release|x64.ActiveCfg = Release|x64
{6BF15ABA-FA94-4EF6-91D1-C47F89BE0522}.Release|x64.Build.0 = Release|x64
EndGlobalSection

  GlobalSection(SolutionProperties) = preSolution
    HideSolutionNode = FALSE
  EndGlobalSection
EndGlobal
