Microsoft Visual Studio Solution File, Format Version 11.00
# Visual Studio 2010
Project("{8BC9CEB8-8B4A-11D0-8D11-00A0C91BC942}") = "prep", "appweb-windows\prep.vcxproj", "{2635930B-573C-41F9-B764-6CC4FC250808}"
EndProject
Project("{8BC9CEB8-8B4A-11D0-8D11-00A0C91BC942}") = "libmpr", "appweb-windows\libmpr.vcxproj", "{10ACC5DF-74A5-40DC-88DE-794E50454625}"
	ProjectSection(ProjectDependencies) = postProject
		{2635930B-573C-41F9-B764-6CC4FC250808} = {2635930B-573C-41F9-B764-6CC4FC250808}
	EndProjectSection
EndProject
Project("{8BC9CEB8-8B4A-11D0-8D11-00A0C91BC942}") = "libmprssl", "appweb-windows\libmprssl.vcxproj", "{CCE7DA29-6651-4722-B635-DA1ED9200BD2}"
	ProjectSection(ProjectDependencies) = postProject
		{2635930B-573C-41F9-B764-6CC4FC250808} = {2635930B-573C-41F9-B764-6CC4FC250808}
	EndProjectSection
	ProjectSection(ProjectDependencies) = postProject
		{10ACC5DF-74A5-40DC-88DE-794E50454625} = {10ACC5DF-74A5-40DC-88DE-794E50454625}
	EndProjectSection
EndProject
Project("{8BC9CEB8-8B4A-11D0-8D11-00A0C91BC942}") = "manager", "appweb-windows\manager.vcxproj", "{FDC92E83-C88E-43FE-A2BC-938CD0212E1F}"
	ProjectSection(ProjectDependencies) = postProject
		{2635930B-573C-41F9-B764-6CC4FC250808} = {2635930B-573C-41F9-B764-6CC4FC250808}
	EndProjectSection
	ProjectSection(ProjectDependencies) = postProject
		{10ACC5DF-74A5-40DC-88DE-794E50454625} = {10ACC5DF-74A5-40DC-88DE-794E50454625}
	EndProjectSection
EndProject
Project("{8BC9CEB8-8B4A-11D0-8D11-00A0C91BC942}") = "makerom", "appweb-windows\makerom.vcxproj", "{DDD11FCF-3E7D-4969-A37D-77583CF91FAB}"
	ProjectSection(ProjectDependencies) = postProject
		{2635930B-573C-41F9-B764-6CC4FC250808} = {2635930B-573C-41F9-B764-6CC4FC250808}
	EndProjectSection
	ProjectSection(ProjectDependencies) = postProject
		{10ACC5DF-74A5-40DC-88DE-794E50454625} = {10ACC5DF-74A5-40DC-88DE-794E50454625}
	EndProjectSection
EndProject
Project("{8BC9CEB8-8B4A-11D0-8D11-00A0C91BC942}") = "libpcre", "appweb-windows\libpcre.vcxproj", "{E0F8F91B-BD14-4CA3-9886-D5098D650A80}"
	ProjectSection(ProjectDependencies) = postProject
		{2635930B-573C-41F9-B764-6CC4FC250808} = {2635930B-573C-41F9-B764-6CC4FC250808}
	EndProjectSection
EndProject
Project("{8BC9CEB8-8B4A-11D0-8D11-00A0C91BC942}") = "libhttp", "appweb-windows\libhttp.vcxproj", "{6519D0B9-467A-444D-86A1-50896A22F279}"
	ProjectSection(ProjectDependencies) = postProject
		{2635930B-573C-41F9-B764-6CC4FC250808} = {2635930B-573C-41F9-B764-6CC4FC250808}
	EndProjectSection
	ProjectSection(ProjectDependencies) = postProject
		{10ACC5DF-74A5-40DC-88DE-794E50454625} = {10ACC5DF-74A5-40DC-88DE-794E50454625}
	EndProjectSection
	ProjectSection(ProjectDependencies) = postProject
		{E0F8F91B-BD14-4CA3-9886-D5098D650A80} = {E0F8F91B-BD14-4CA3-9886-D5098D650A80}
	EndProjectSection
EndProject
Project("{8BC9CEB8-8B4A-11D0-8D11-00A0C91BC942}") = "http", "appweb-windows\http.vcxproj", "{65799BD3-6F0D-4888-A816-857E9B4D61DE}"
	ProjectSection(ProjectDependencies) = postProject
		{2635930B-573C-41F9-B764-6CC4FC250808} = {2635930B-573C-41F9-B764-6CC4FC250808}
	EndProjectSection
	ProjectSection(ProjectDependencies) = postProject
		{6519D0B9-467A-444D-86A1-50896A22F279} = {6519D0B9-467A-444D-86A1-50896A22F279}
	EndProjectSection
EndProject
Project("{8BC9CEB8-8B4A-11D0-8D11-00A0C91BC942}") = "libsqlite3", "appweb-windows\libsqlite3.vcxproj", "{5CC2860C-F7D1-49BF-A274-6B846C27BEB7}"
	ProjectSection(ProjectDependencies) = postProject
		{2635930B-573C-41F9-B764-6CC4FC250808} = {2635930B-573C-41F9-B764-6CC4FC250808}
	EndProjectSection
EndProject
Project("{8BC9CEB8-8B4A-11D0-8D11-00A0C91BC942}") = "sqlite", "appweb-windows\sqlite.vcxproj", "{86822E60-7673-4E47-A953-B29D1A389885}"
	ProjectSection(ProjectDependencies) = postProject
		{2635930B-573C-41F9-B764-6CC4FC250808} = {2635930B-573C-41F9-B764-6CC4FC250808}
	EndProjectSection
	ProjectSection(ProjectDependencies) = postProject
		{5CC2860C-F7D1-49BF-A274-6B846C27BEB7} = {5CC2860C-F7D1-49BF-A274-6B846C27BEB7}
	EndProjectSection
EndProject
Project("{8BC9CEB8-8B4A-11D0-8D11-00A0C91BC942}") = "libappweb", "appweb-windows\libappweb.vcxproj", "{1FE48DFA-C53E-45C9-AFC2-00F429D7849E}"
	ProjectSection(ProjectDependencies) = postProject
		{2635930B-573C-41F9-B764-6CC4FC250808} = {2635930B-573C-41F9-B764-6CC4FC250808}
	EndProjectSection
	ProjectSection(ProjectDependencies) = postProject
		{6519D0B9-467A-444D-86A1-50896A22F279} = {6519D0B9-467A-444D-86A1-50896A22F279}
	EndProjectSection
EndProject
Project("{8BC9CEB8-8B4A-11D0-8D11-00A0C91BC942}") = "mod_esp", "appweb-windows\mod_esp.vcxproj", "{E935FA82-8A41-4F1F-843A-5BDB68282275}"
	ProjectSection(ProjectDependencies) = postProject
		{2635930B-573C-41F9-B764-6CC4FC250808} = {2635930B-573C-41F9-B764-6CC4FC250808}
	EndProjectSection
	ProjectSection(ProjectDependencies) = postProject
		{1FE48DFA-C53E-45C9-AFC2-00F429D7849E} = {1FE48DFA-C53E-45C9-AFC2-00F429D7849E}
	EndProjectSection
EndProject
Project("{8BC9CEB8-8B4A-11D0-8D11-00A0C91BC942}") = "esp", "appweb-windows\esp.vcxproj", "{FEEC6179-FE08-4241-970E-5DFE59CAFB49}"
	ProjectSection(ProjectDependencies) = postProject
		{2635930B-573C-41F9-B764-6CC4FC250808} = {2635930B-573C-41F9-B764-6CC4FC250808}
	EndProjectSection
	ProjectSection(ProjectDependencies) = postProject
		{1FE48DFA-C53E-45C9-AFC2-00F429D7849E} = {1FE48DFA-C53E-45C9-AFC2-00F429D7849E}
	EndProjectSection
EndProject
Project("{8BC9CEB8-8B4A-11D0-8D11-00A0C91BC942}") = "esp.conf", "appweb-windows\esp.conf.vcxproj", "{01C6170F-B076-4FDD-8833-08AE64C8CFA3}"
	ProjectSection(ProjectDependencies) = postProject
		{2635930B-573C-41F9-B764-6CC4FC250808} = {2635930B-573C-41F9-B764-6CC4FC250808}
	EndProjectSection
EndProject
Project("{8BC9CEB8-8B4A-11D0-8D11-00A0C91BC942}") = "esp.www", "appweb-windows\esp.www.vcxproj", "{21E0420D-FC0E-43F9-839A-D9018926D17D}"
	ProjectSection(ProjectDependencies) = postProject
		{2635930B-573C-41F9-B764-6CC4FC250808} = {2635930B-573C-41F9-B764-6CC4FC250808}
	EndProjectSection
EndProject
Project("{8BC9CEB8-8B4A-11D0-8D11-00A0C91BC942}") = "esp-appweb.conf", "appweb-windows\esp-appweb.conf.vcxproj", "{53C73D66-E520-46AB-A9EC-57ECB5D11F3F}"
	ProjectSection(ProjectDependencies) = postProject
		{2635930B-573C-41F9-B764-6CC4FC250808} = {2635930B-573C-41F9-B764-6CC4FC250808}
	EndProjectSection
EndProject
Project("{8BC9CEB8-8B4A-11D0-8D11-00A0C91BC942}") = "mod_cgi", "appweb-windows\mod_cgi.vcxproj", "{64B60F40-6EF6-4BDD-97EF-C023485AE173}"
	ProjectSection(ProjectDependencies) = postProject
		{2635930B-573C-41F9-B764-6CC4FC250808} = {2635930B-573C-41F9-B764-6CC4FC250808}
	EndProjectSection
	ProjectSection(ProjectDependencies) = postProject
		{1FE48DFA-C53E-45C9-AFC2-00F429D7849E} = {1FE48DFA-C53E-45C9-AFC2-00F429D7849E}
	EndProjectSection
EndProject
Project("{8BC9CEB8-8B4A-11D0-8D11-00A0C91BC942}") = "auth", "appweb-windows\auth.vcxproj", "{DEE517D5-4B36-4E4B-8A29-A82620CD9C75}"
	ProjectSection(ProjectDependencies) = postProject
		{2635930B-573C-41F9-B764-6CC4FC250808} = {2635930B-573C-41F9-B764-6CC4FC250808}
	EndProjectSection
	ProjectSection(ProjectDependencies) = postProject
		{10ACC5DF-74A5-40DC-88DE-794E50454625} = {10ACC5DF-74A5-40DC-88DE-794E50454625}
	EndProjectSection
EndProject
Project("{8BC9CEB8-8B4A-11D0-8D11-00A0C91BC942}") = "cgiProgram", "appweb-windows\cgiProgram.vcxproj", "{34BA8468-5BD5-4BA3-8E65-809D832A6D2D}"
	ProjectSection(ProjectDependencies) = postProject
		{2635930B-573C-41F9-B764-6CC4FC250808} = {2635930B-573C-41F9-B764-6CC4FC250808}
	EndProjectSection
EndProject
Project("{8BC9CEB8-8B4A-11D0-8D11-00A0C91BC942}") = "setConfig", "appweb-windows\setConfig.vcxproj", "{273649D9-5761-414D-8DD5-45515314B023}"
	ProjectSection(ProjectDependencies) = postProject
		{2635930B-573C-41F9-B764-6CC4FC250808} = {2635930B-573C-41F9-B764-6CC4FC250808}
	EndProjectSection
	ProjectSection(ProjectDependencies) = postProject
		{10ACC5DF-74A5-40DC-88DE-794E50454625} = {10ACC5DF-74A5-40DC-88DE-794E50454625}
	EndProjectSection
EndProject
Project("{8BC9CEB8-8B4A-11D0-8D11-00A0C91BC942}") = "appweb", "appweb-windows\appweb.vcxproj", "{87713C4D-1A29-4B85-8D93-0175D80CB71D}"
	ProjectSection(ProjectDependencies) = postProject
		{2635930B-573C-41F9-B764-6CC4FC250808} = {2635930B-573C-41F9-B764-6CC4FC250808}
	EndProjectSection
	ProjectSection(ProjectDependencies) = postProject
		{1FE48DFA-C53E-45C9-AFC2-00F429D7849E} = {1FE48DFA-C53E-45C9-AFC2-00F429D7849E}
	EndProjectSection
EndProject
Project("{8BC9CEB8-8B4A-11D0-8D11-00A0C91BC942}") = "appwebMonitor", "appweb-windows\appwebMonitor.vcxproj", "{81A43221-16D6-4798-A501-DC9E4F5EED9A}"
	ProjectSection(ProjectDependencies) = postProject
		{2635930B-573C-41F9-B764-6CC4FC250808} = {2635930B-573C-41F9-B764-6CC4FC250808}
	EndProjectSection
	ProjectSection(ProjectDependencies) = postProject
		{1FE48DFA-C53E-45C9-AFC2-00F429D7849E} = {1FE48DFA-C53E-45C9-AFC2-00F429D7849E}
	EndProjectSection
EndProject
Project("{8BC9CEB8-8B4A-11D0-8D11-00A0C91BC942}") = "appwebMonitor.ico", "appweb-windows\appwebMonitor.ico.vcxproj", "{DA0A501A-DF2B-45F6-BD09-D37A0FFC9325}"
	ProjectSection(ProjectDependencies) = postProject
		{2635930B-573C-41F9-B764-6CC4FC250808} = {2635930B-573C-41F9-B764-6CC4FC250808}
	EndProjectSection
EndProject
Project("{8BC9CEB8-8B4A-11D0-8D11-00A0C91BC942}") = "testAppweb", "appweb-windows\testAppweb.vcxproj", "{283C1410-B2CE-4CC1-843E-B29BA9A8C7B4}"
	ProjectSection(ProjectDependencies) = postProject
		{2635930B-573C-41F9-B764-6CC4FC250808} = {2635930B-573C-41F9-B764-6CC4FC250808}
	EndProjectSection
	ProjectSection(ProjectDependencies) = postProject
		{1FE48DFA-C53E-45C9-AFC2-00F429D7849E} = {1FE48DFA-C53E-45C9-AFC2-00F429D7849E}
	EndProjectSection
EndProject
Project("{8BC9CEB8-8B4A-11D0-8D11-00A0C91BC942}") = "test-testScript", "appweb-windows\test-testScript.vcxproj", "{8661B4AF-7EDB-490A-BCB7-5D5A1B0A2EF5}"
	ProjectSection(ProjectDependencies) = postProject
		{2635930B-573C-41F9-B764-6CC4FC250808} = {2635930B-573C-41F9-B764-6CC4FC250808}
	EndProjectSection
	ProjectSection(ProjectDependencies) = postProject
		{34BA8468-5BD5-4BA3-8E65-809D832A6D2D} = {34BA8468-5BD5-4BA3-8E65-809D832A6D2D}
	EndProjectSection
EndProject
Project("{8BC9CEB8-8B4A-11D0-8D11-00A0C91BC942}") = "test-cache.cgi", "appweb-windows\test-cache.cgi.vcxproj", "{DAAD5069-0DBB-4214-8FD9-165CAC388554}"
	ProjectSection(ProjectDependencies) = postProject
		{2635930B-573C-41F9-B764-6CC4FC250808} = {2635930B-573C-41F9-B764-6CC4FC250808}
	EndProjectSection
EndProject
Project("{8BC9CEB8-8B4A-11D0-8D11-00A0C91BC942}") = "test-basic.cgi", "appweb-windows\test-basic.cgi.vcxproj", "{7CC4E496-3747-48EE-9566-1CA7A6F5805F}"
	ProjectSection(ProjectDependencies) = postProject
		{2635930B-573C-41F9-B764-6CC4FC250808} = {2635930B-573C-41F9-B764-6CC4FC250808}
	EndProjectSection
EndProject
Project("{8BC9CEB8-8B4A-11D0-8D11-00A0C91BC942}") = "test-cgiProgram", "appweb-windows\test-cgiProgram.vcxproj", "{A0F618AC-3201-47AB-8F05-236AA97498CC}"
	ProjectSection(ProjectDependencies) = postProject
		{2635930B-573C-41F9-B764-6CC4FC250808} = {2635930B-573C-41F9-B764-6CC4FC250808}
	EndProjectSection
	ProjectSection(ProjectDependencies) = postProject
		{34BA8468-5BD5-4BA3-8E65-809D832A6D2D} = {34BA8468-5BD5-4BA3-8E65-809D832A6D2D}
	EndProjectSection
EndProject
Project("{8BC9CEB8-8B4A-11D0-8D11-00A0C91BC942}") = "removeFiles", "appweb-windows\removeFiles.vcxproj", "{1BC436BC-C4B4-4E77-A1B4-1B6977B73540}"
	ProjectSection(ProjectDependencies) = postProject
		{2635930B-573C-41F9-B764-6CC4FC250808} = {2635930B-573C-41F9-B764-6CC4FC250808}
	EndProjectSection
	ProjectSection(ProjectDependencies) = postProject
		{10ACC5DF-74A5-40DC-88DE-794E50454625} = {10ACC5DF-74A5-40DC-88DE-794E50454625}
	EndProjectSection
EndProject

Global
	GlobalSection(SolutionConfigurationPlatforms) = preSolution
		Debug|Win32 = Debug|Win32
		Debug|x64 = Debug|x64
		Release|Win32 = Release|Win32
		Release|x64 = Release|x64
	EndGlobalSection
	GlobalSection(ProjectConfigurationPlatforms) = postSolution
{2635930B-573C-41F9-B764-6CC4FC250808}.Debug|Win32.ActiveCfg = Debug|Win32
{2635930B-573C-41F9-B764-6CC4FC250808}.Debug|Win32.Build.0 = Debug|Win32
{2635930B-573C-41F9-B764-6CC4FC250808}.Debug|x64.ActiveCfg = Debug|x64
{2635930B-573C-41F9-B764-6CC4FC250808}.Debug|x64.Build.0 = Debug|x64
{2635930B-573C-41F9-B764-6CC4FC250808}.Release|Win32.ActiveCfg = Release|Win32
{2635930B-573C-41F9-B764-6CC4FC250808}.Release|Win32.Build.0 = Release|Win32
{2635930B-573C-41F9-B764-6CC4FC250808}.Release|x64.ActiveCfg = Release|x64
{2635930B-573C-41F9-B764-6CC4FC250808}.Release|x64.Build.0 = Release|x64
{10ACC5DF-74A5-40DC-88DE-794E50454625}.Debug|Win32.ActiveCfg = Debug|Win32
{10ACC5DF-74A5-40DC-88DE-794E50454625}.Debug|Win32.Build.0 = Debug|Win32
{10ACC5DF-74A5-40DC-88DE-794E50454625}.Debug|x64.ActiveCfg = Debug|x64
{10ACC5DF-74A5-40DC-88DE-794E50454625}.Debug|x64.Build.0 = Debug|x64
{10ACC5DF-74A5-40DC-88DE-794E50454625}.Release|Win32.ActiveCfg = Release|Win32
{10ACC5DF-74A5-40DC-88DE-794E50454625}.Release|Win32.Build.0 = Release|Win32
{10ACC5DF-74A5-40DC-88DE-794E50454625}.Release|x64.ActiveCfg = Release|x64
{10ACC5DF-74A5-40DC-88DE-794E50454625}.Release|x64.Build.0 = Release|x64
{CCE7DA29-6651-4722-B635-DA1ED9200BD2}.Debug|Win32.ActiveCfg = Debug|Win32
{CCE7DA29-6651-4722-B635-DA1ED9200BD2}.Debug|Win32.Build.0 = Debug|Win32
{CCE7DA29-6651-4722-B635-DA1ED9200BD2}.Debug|x64.ActiveCfg = Debug|x64
{CCE7DA29-6651-4722-B635-DA1ED9200BD2}.Debug|x64.Build.0 = Debug|x64
{CCE7DA29-6651-4722-B635-DA1ED9200BD2}.Release|Win32.ActiveCfg = Release|Win32
{CCE7DA29-6651-4722-B635-DA1ED9200BD2}.Release|Win32.Build.0 = Release|Win32
{CCE7DA29-6651-4722-B635-DA1ED9200BD2}.Release|x64.ActiveCfg = Release|x64
{CCE7DA29-6651-4722-B635-DA1ED9200BD2}.Release|x64.Build.0 = Release|x64
{FDC92E83-C88E-43FE-A2BC-938CD0212E1F}.Debug|Win32.ActiveCfg = Debug|Win32
{FDC92E83-C88E-43FE-A2BC-938CD0212E1F}.Debug|Win32.Build.0 = Debug|Win32
{FDC92E83-C88E-43FE-A2BC-938CD0212E1F}.Debug|x64.ActiveCfg = Debug|x64
{FDC92E83-C88E-43FE-A2BC-938CD0212E1F}.Debug|x64.Build.0 = Debug|x64
{FDC92E83-C88E-43FE-A2BC-938CD0212E1F}.Release|Win32.ActiveCfg = Release|Win32
{FDC92E83-C88E-43FE-A2BC-938CD0212E1F}.Release|Win32.Build.0 = Release|Win32
{FDC92E83-C88E-43FE-A2BC-938CD0212E1F}.Release|x64.ActiveCfg = Release|x64
{FDC92E83-C88E-43FE-A2BC-938CD0212E1F}.Release|x64.Build.0 = Release|x64
{DDD11FCF-3E7D-4969-A37D-77583CF91FAB}.Debug|Win32.ActiveCfg = Debug|Win32
{DDD11FCF-3E7D-4969-A37D-77583CF91FAB}.Debug|Win32.Build.0 = Debug|Win32
{DDD11FCF-3E7D-4969-A37D-77583CF91FAB}.Debug|x64.ActiveCfg = Debug|x64
{DDD11FCF-3E7D-4969-A37D-77583CF91FAB}.Debug|x64.Build.0 = Debug|x64
{DDD11FCF-3E7D-4969-A37D-77583CF91FAB}.Release|Win32.ActiveCfg = Release|Win32
{DDD11FCF-3E7D-4969-A37D-77583CF91FAB}.Release|Win32.Build.0 = Release|Win32
{DDD11FCF-3E7D-4969-A37D-77583CF91FAB}.Release|x64.ActiveCfg = Release|x64
{DDD11FCF-3E7D-4969-A37D-77583CF91FAB}.Release|x64.Build.0 = Release|x64
{E0F8F91B-BD14-4CA3-9886-D5098D650A80}.Debug|Win32.ActiveCfg = Debug|Win32
{E0F8F91B-BD14-4CA3-9886-D5098D650A80}.Debug|Win32.Build.0 = Debug|Win32
{E0F8F91B-BD14-4CA3-9886-D5098D650A80}.Debug|x64.ActiveCfg = Debug|x64
{E0F8F91B-BD14-4CA3-9886-D5098D650A80}.Debug|x64.Build.0 = Debug|x64
{E0F8F91B-BD14-4CA3-9886-D5098D650A80}.Release|Win32.ActiveCfg = Release|Win32
{E0F8F91B-BD14-4CA3-9886-D5098D650A80}.Release|Win32.Build.0 = Release|Win32
{E0F8F91B-BD14-4CA3-9886-D5098D650A80}.Release|x64.ActiveCfg = Release|x64
{E0F8F91B-BD14-4CA3-9886-D5098D650A80}.Release|x64.Build.0 = Release|x64
{6519D0B9-467A-444D-86A1-50896A22F279}.Debug|Win32.ActiveCfg = Debug|Win32
{6519D0B9-467A-444D-86A1-50896A22F279}.Debug|Win32.Build.0 = Debug|Win32
{6519D0B9-467A-444D-86A1-50896A22F279}.Debug|x64.ActiveCfg = Debug|x64
{6519D0B9-467A-444D-86A1-50896A22F279}.Debug|x64.Build.0 = Debug|x64
{6519D0B9-467A-444D-86A1-50896A22F279}.Release|Win32.ActiveCfg = Release|Win32
{6519D0B9-467A-444D-86A1-50896A22F279}.Release|Win32.Build.0 = Release|Win32
{6519D0B9-467A-444D-86A1-50896A22F279}.Release|x64.ActiveCfg = Release|x64
{6519D0B9-467A-444D-86A1-50896A22F279}.Release|x64.Build.0 = Release|x64
{65799BD3-6F0D-4888-A816-857E9B4D61DE}.Debug|Win32.ActiveCfg = Debug|Win32
{65799BD3-6F0D-4888-A816-857E9B4D61DE}.Debug|Win32.Build.0 = Debug|Win32
{65799BD3-6F0D-4888-A816-857E9B4D61DE}.Debug|x64.ActiveCfg = Debug|x64
{65799BD3-6F0D-4888-A816-857E9B4D61DE}.Debug|x64.Build.0 = Debug|x64
{65799BD3-6F0D-4888-A816-857E9B4D61DE}.Release|Win32.ActiveCfg = Release|Win32
{65799BD3-6F0D-4888-A816-857E9B4D61DE}.Release|Win32.Build.0 = Release|Win32
{65799BD3-6F0D-4888-A816-857E9B4D61DE}.Release|x64.ActiveCfg = Release|x64
{65799BD3-6F0D-4888-A816-857E9B4D61DE}.Release|x64.Build.0 = Release|x64
{5CC2860C-F7D1-49BF-A274-6B846C27BEB7}.Debug|Win32.ActiveCfg = Debug|Win32
{5CC2860C-F7D1-49BF-A274-6B846C27BEB7}.Debug|Win32.Build.0 = Debug|Win32
{5CC2860C-F7D1-49BF-A274-6B846C27BEB7}.Debug|x64.ActiveCfg = Debug|x64
{5CC2860C-F7D1-49BF-A274-6B846C27BEB7}.Debug|x64.Build.0 = Debug|x64
{5CC2860C-F7D1-49BF-A274-6B846C27BEB7}.Release|Win32.ActiveCfg = Release|Win32
{5CC2860C-F7D1-49BF-A274-6B846C27BEB7}.Release|Win32.Build.0 = Release|Win32
{5CC2860C-F7D1-49BF-A274-6B846C27BEB7}.Release|x64.ActiveCfg = Release|x64
{5CC2860C-F7D1-49BF-A274-6B846C27BEB7}.Release|x64.Build.0 = Release|x64
{86822E60-7673-4E47-A953-B29D1A389885}.Debug|Win32.ActiveCfg = Debug|Win32
{86822E60-7673-4E47-A953-B29D1A389885}.Debug|Win32.Build.0 = Debug|Win32
{86822E60-7673-4E47-A953-B29D1A389885}.Debug|x64.ActiveCfg = Debug|x64
{86822E60-7673-4E47-A953-B29D1A389885}.Debug|x64.Build.0 = Debug|x64
{86822E60-7673-4E47-A953-B29D1A389885}.Release|Win32.ActiveCfg = Release|Win32
{86822E60-7673-4E47-A953-B29D1A389885}.Release|Win32.Build.0 = Release|Win32
{86822E60-7673-4E47-A953-B29D1A389885}.Release|x64.ActiveCfg = Release|x64
{86822E60-7673-4E47-A953-B29D1A389885}.Release|x64.Build.0 = Release|x64
{1FE48DFA-C53E-45C9-AFC2-00F429D7849E}.Debug|Win32.ActiveCfg = Debug|Win32
{1FE48DFA-C53E-45C9-AFC2-00F429D7849E}.Debug|Win32.Build.0 = Debug|Win32
{1FE48DFA-C53E-45C9-AFC2-00F429D7849E}.Debug|x64.ActiveCfg = Debug|x64
{1FE48DFA-C53E-45C9-AFC2-00F429D7849E}.Debug|x64.Build.0 = Debug|x64
{1FE48DFA-C53E-45C9-AFC2-00F429D7849E}.Release|Win32.ActiveCfg = Release|Win32
{1FE48DFA-C53E-45C9-AFC2-00F429D7849E}.Release|Win32.Build.0 = Release|Win32
{1FE48DFA-C53E-45C9-AFC2-00F429D7849E}.Release|x64.ActiveCfg = Release|x64
{1FE48DFA-C53E-45C9-AFC2-00F429D7849E}.Release|x64.Build.0 = Release|x64
{E935FA82-8A41-4F1F-843A-5BDB68282275}.Debug|Win32.ActiveCfg = Debug|Win32
{E935FA82-8A41-4F1F-843A-5BDB68282275}.Debug|Win32.Build.0 = Debug|Win32
{E935FA82-8A41-4F1F-843A-5BDB68282275}.Debug|x64.ActiveCfg = Debug|x64
{E935FA82-8A41-4F1F-843A-5BDB68282275}.Debug|x64.Build.0 = Debug|x64
{E935FA82-8A41-4F1F-843A-5BDB68282275}.Release|Win32.ActiveCfg = Release|Win32
{E935FA82-8A41-4F1F-843A-5BDB68282275}.Release|Win32.Build.0 = Release|Win32
{E935FA82-8A41-4F1F-843A-5BDB68282275}.Release|x64.ActiveCfg = Release|x64
{E935FA82-8A41-4F1F-843A-5BDB68282275}.Release|x64.Build.0 = Release|x64
{FEEC6179-FE08-4241-970E-5DFE59CAFB49}.Debug|Win32.ActiveCfg = Debug|Win32
{FEEC6179-FE08-4241-970E-5DFE59CAFB49}.Debug|Win32.Build.0 = Debug|Win32
{FEEC6179-FE08-4241-970E-5DFE59CAFB49}.Debug|x64.ActiveCfg = Debug|x64
{FEEC6179-FE08-4241-970E-5DFE59CAFB49}.Debug|x64.Build.0 = Debug|x64
{FEEC6179-FE08-4241-970E-5DFE59CAFB49}.Release|Win32.ActiveCfg = Release|Win32
{FEEC6179-FE08-4241-970E-5DFE59CAFB49}.Release|Win32.Build.0 = Release|Win32
{FEEC6179-FE08-4241-970E-5DFE59CAFB49}.Release|x64.ActiveCfg = Release|x64
{FEEC6179-FE08-4241-970E-5DFE59CAFB49}.Release|x64.Build.0 = Release|x64
{01C6170F-B076-4FDD-8833-08AE64C8CFA3}.Debug|Win32.ActiveCfg = Debug|Win32
{01C6170F-B076-4FDD-8833-08AE64C8CFA3}.Debug|Win32.Build.0 = Debug|Win32
{01C6170F-B076-4FDD-8833-08AE64C8CFA3}.Debug|x64.ActiveCfg = Debug|x64
{01C6170F-B076-4FDD-8833-08AE64C8CFA3}.Debug|x64.Build.0 = Debug|x64
{01C6170F-B076-4FDD-8833-08AE64C8CFA3}.Release|Win32.ActiveCfg = Release|Win32
{01C6170F-B076-4FDD-8833-08AE64C8CFA3}.Release|Win32.Build.0 = Release|Win32
{01C6170F-B076-4FDD-8833-08AE64C8CFA3}.Release|x64.ActiveCfg = Release|x64
{01C6170F-B076-4FDD-8833-08AE64C8CFA3}.Release|x64.Build.0 = Release|x64
{21E0420D-FC0E-43F9-839A-D9018926D17D}.Debug|Win32.ActiveCfg = Debug|Win32
{21E0420D-FC0E-43F9-839A-D9018926D17D}.Debug|Win32.Build.0 = Debug|Win32
{21E0420D-FC0E-43F9-839A-D9018926D17D}.Debug|x64.ActiveCfg = Debug|x64
{21E0420D-FC0E-43F9-839A-D9018926D17D}.Debug|x64.Build.0 = Debug|x64
{21E0420D-FC0E-43F9-839A-D9018926D17D}.Release|Win32.ActiveCfg = Release|Win32
{21E0420D-FC0E-43F9-839A-D9018926D17D}.Release|Win32.Build.0 = Release|Win32
{21E0420D-FC0E-43F9-839A-D9018926D17D}.Release|x64.ActiveCfg = Release|x64
{21E0420D-FC0E-43F9-839A-D9018926D17D}.Release|x64.Build.0 = Release|x64
{53C73D66-E520-46AB-A9EC-57ECB5D11F3F}.Debug|Win32.ActiveCfg = Debug|Win32
{53C73D66-E520-46AB-A9EC-57ECB5D11F3F}.Debug|Win32.Build.0 = Debug|Win32
{53C73D66-E520-46AB-A9EC-57ECB5D11F3F}.Debug|x64.ActiveCfg = Debug|x64
{53C73D66-E520-46AB-A9EC-57ECB5D11F3F}.Debug|x64.Build.0 = Debug|x64
{53C73D66-E520-46AB-A9EC-57ECB5D11F3F}.Release|Win32.ActiveCfg = Release|Win32
{53C73D66-E520-46AB-A9EC-57ECB5D11F3F}.Release|Win32.Build.0 = Release|Win32
{53C73D66-E520-46AB-A9EC-57ECB5D11F3F}.Release|x64.ActiveCfg = Release|x64
{53C73D66-E520-46AB-A9EC-57ECB5D11F3F}.Release|x64.Build.0 = Release|x64
{64B60F40-6EF6-4BDD-97EF-C023485AE173}.Debug|Win32.ActiveCfg = Debug|Win32
{64B60F40-6EF6-4BDD-97EF-C023485AE173}.Debug|Win32.Build.0 = Debug|Win32
{64B60F40-6EF6-4BDD-97EF-C023485AE173}.Debug|x64.ActiveCfg = Debug|x64
{64B60F40-6EF6-4BDD-97EF-C023485AE173}.Debug|x64.Build.0 = Debug|x64
{64B60F40-6EF6-4BDD-97EF-C023485AE173}.Release|Win32.ActiveCfg = Release|Win32
{64B60F40-6EF6-4BDD-97EF-C023485AE173}.Release|Win32.Build.0 = Release|Win32
{64B60F40-6EF6-4BDD-97EF-C023485AE173}.Release|x64.ActiveCfg = Release|x64
{64B60F40-6EF6-4BDD-97EF-C023485AE173}.Release|x64.Build.0 = Release|x64
{DEE517D5-4B36-4E4B-8A29-A82620CD9C75}.Debug|Win32.ActiveCfg = Debug|Win32
{DEE517D5-4B36-4E4B-8A29-A82620CD9C75}.Debug|Win32.Build.0 = Debug|Win32
{DEE517D5-4B36-4E4B-8A29-A82620CD9C75}.Debug|x64.ActiveCfg = Debug|x64
{DEE517D5-4B36-4E4B-8A29-A82620CD9C75}.Debug|x64.Build.0 = Debug|x64
{DEE517D5-4B36-4E4B-8A29-A82620CD9C75}.Release|Win32.ActiveCfg = Release|Win32
{DEE517D5-4B36-4E4B-8A29-A82620CD9C75}.Release|Win32.Build.0 = Release|Win32
{DEE517D5-4B36-4E4B-8A29-A82620CD9C75}.Release|x64.ActiveCfg = Release|x64
{DEE517D5-4B36-4E4B-8A29-A82620CD9C75}.Release|x64.Build.0 = Release|x64
{34BA8468-5BD5-4BA3-8E65-809D832A6D2D}.Debug|Win32.ActiveCfg = Debug|Win32
{34BA8468-5BD5-4BA3-8E65-809D832A6D2D}.Debug|Win32.Build.0 = Debug|Win32
{34BA8468-5BD5-4BA3-8E65-809D832A6D2D}.Debug|x64.ActiveCfg = Debug|x64
{34BA8468-5BD5-4BA3-8E65-809D832A6D2D}.Debug|x64.Build.0 = Debug|x64
{34BA8468-5BD5-4BA3-8E65-809D832A6D2D}.Release|Win32.ActiveCfg = Release|Win32
{34BA8468-5BD5-4BA3-8E65-809D832A6D2D}.Release|Win32.Build.0 = Release|Win32
{34BA8468-5BD5-4BA3-8E65-809D832A6D2D}.Release|x64.ActiveCfg = Release|x64
{34BA8468-5BD5-4BA3-8E65-809D832A6D2D}.Release|x64.Build.0 = Release|x64
{273649D9-5761-414D-8DD5-45515314B023}.Debug|Win32.ActiveCfg = Debug|Win32
{273649D9-5761-414D-8DD5-45515314B023}.Debug|Win32.Build.0 = Debug|Win32
{273649D9-5761-414D-8DD5-45515314B023}.Debug|x64.ActiveCfg = Debug|x64
{273649D9-5761-414D-8DD5-45515314B023}.Debug|x64.Build.0 = Debug|x64
{273649D9-5761-414D-8DD5-45515314B023}.Release|Win32.ActiveCfg = Release|Win32
{273649D9-5761-414D-8DD5-45515314B023}.Release|Win32.Build.0 = Release|Win32
{273649D9-5761-414D-8DD5-45515314B023}.Release|x64.ActiveCfg = Release|x64
{273649D9-5761-414D-8DD5-45515314B023}.Release|x64.Build.0 = Release|x64
{87713C4D-1A29-4B85-8D93-0175D80CB71D}.Debug|Win32.ActiveCfg = Debug|Win32
{87713C4D-1A29-4B85-8D93-0175D80CB71D}.Debug|Win32.Build.0 = Debug|Win32
{87713C4D-1A29-4B85-8D93-0175D80CB71D}.Debug|x64.ActiveCfg = Debug|x64
{87713C4D-1A29-4B85-8D93-0175D80CB71D}.Debug|x64.Build.0 = Debug|x64
{87713C4D-1A29-4B85-8D93-0175D80CB71D}.Release|Win32.ActiveCfg = Release|Win32
{87713C4D-1A29-4B85-8D93-0175D80CB71D}.Release|Win32.Build.0 = Release|Win32
{87713C4D-1A29-4B85-8D93-0175D80CB71D}.Release|x64.ActiveCfg = Release|x64
{87713C4D-1A29-4B85-8D93-0175D80CB71D}.Release|x64.Build.0 = Release|x64
{81A43221-16D6-4798-A501-DC9E4F5EED9A}.Debug|Win32.ActiveCfg = Debug|Win32
{81A43221-16D6-4798-A501-DC9E4F5EED9A}.Debug|Win32.Build.0 = Debug|Win32
{81A43221-16D6-4798-A501-DC9E4F5EED9A}.Debug|x64.ActiveCfg = Debug|x64
{81A43221-16D6-4798-A501-DC9E4F5EED9A}.Debug|x64.Build.0 = Debug|x64
{81A43221-16D6-4798-A501-DC9E4F5EED9A}.Release|Win32.ActiveCfg = Release|Win32
{81A43221-16D6-4798-A501-DC9E4F5EED9A}.Release|Win32.Build.0 = Release|Win32
{81A43221-16D6-4798-A501-DC9E4F5EED9A}.Release|x64.ActiveCfg = Release|x64
{81A43221-16D6-4798-A501-DC9E4F5EED9A}.Release|x64.Build.0 = Release|x64
{DA0A501A-DF2B-45F6-BD09-D37A0FFC9325}.Debug|Win32.ActiveCfg = Debug|Win32
{DA0A501A-DF2B-45F6-BD09-D37A0FFC9325}.Debug|Win32.Build.0 = Debug|Win32
{DA0A501A-DF2B-45F6-BD09-D37A0FFC9325}.Debug|x64.ActiveCfg = Debug|x64
{DA0A501A-DF2B-45F6-BD09-D37A0FFC9325}.Debug|x64.Build.0 = Debug|x64
{DA0A501A-DF2B-45F6-BD09-D37A0FFC9325}.Release|Win32.ActiveCfg = Release|Win32
{DA0A501A-DF2B-45F6-BD09-D37A0FFC9325}.Release|Win32.Build.0 = Release|Win32
{DA0A501A-DF2B-45F6-BD09-D37A0FFC9325}.Release|x64.ActiveCfg = Release|x64
{DA0A501A-DF2B-45F6-BD09-D37A0FFC9325}.Release|x64.Build.0 = Release|x64
{283C1410-B2CE-4CC1-843E-B29BA9A8C7B4}.Debug|Win32.ActiveCfg = Debug|Win32
{283C1410-B2CE-4CC1-843E-B29BA9A8C7B4}.Debug|Win32.Build.0 = Debug|Win32
{283C1410-B2CE-4CC1-843E-B29BA9A8C7B4}.Debug|x64.ActiveCfg = Debug|x64
{283C1410-B2CE-4CC1-843E-B29BA9A8C7B4}.Debug|x64.Build.0 = Debug|x64
{283C1410-B2CE-4CC1-843E-B29BA9A8C7B4}.Release|Win32.ActiveCfg = Release|Win32
{283C1410-B2CE-4CC1-843E-B29BA9A8C7B4}.Release|Win32.Build.0 = Release|Win32
{283C1410-B2CE-4CC1-843E-B29BA9A8C7B4}.Release|x64.ActiveCfg = Release|x64
{283C1410-B2CE-4CC1-843E-B29BA9A8C7B4}.Release|x64.Build.0 = Release|x64
{8661B4AF-7EDB-490A-BCB7-5D5A1B0A2EF5}.Debug|Win32.ActiveCfg = Debug|Win32
{8661B4AF-7EDB-490A-BCB7-5D5A1B0A2EF5}.Debug|Win32.Build.0 = Debug|Win32
{8661B4AF-7EDB-490A-BCB7-5D5A1B0A2EF5}.Debug|x64.ActiveCfg = Debug|x64
{8661B4AF-7EDB-490A-BCB7-5D5A1B0A2EF5}.Debug|x64.Build.0 = Debug|x64
{8661B4AF-7EDB-490A-BCB7-5D5A1B0A2EF5}.Release|Win32.ActiveCfg = Release|Win32
{8661B4AF-7EDB-490A-BCB7-5D5A1B0A2EF5}.Release|Win32.Build.0 = Release|Win32
{8661B4AF-7EDB-490A-BCB7-5D5A1B0A2EF5}.Release|x64.ActiveCfg = Release|x64
{8661B4AF-7EDB-490A-BCB7-5D5A1B0A2EF5}.Release|x64.Build.0 = Release|x64
{DAAD5069-0DBB-4214-8FD9-165CAC388554}.Debug|Win32.ActiveCfg = Debug|Win32
{DAAD5069-0DBB-4214-8FD9-165CAC388554}.Debug|Win32.Build.0 = Debug|Win32
{DAAD5069-0DBB-4214-8FD9-165CAC388554}.Debug|x64.ActiveCfg = Debug|x64
{DAAD5069-0DBB-4214-8FD9-165CAC388554}.Debug|x64.Build.0 = Debug|x64
{DAAD5069-0DBB-4214-8FD9-165CAC388554}.Release|Win32.ActiveCfg = Release|Win32
{DAAD5069-0DBB-4214-8FD9-165CAC388554}.Release|Win32.Build.0 = Release|Win32
{DAAD5069-0DBB-4214-8FD9-165CAC388554}.Release|x64.ActiveCfg = Release|x64
{DAAD5069-0DBB-4214-8FD9-165CAC388554}.Release|x64.Build.0 = Release|x64
{7CC4E496-3747-48EE-9566-1CA7A6F5805F}.Debug|Win32.ActiveCfg = Debug|Win32
{7CC4E496-3747-48EE-9566-1CA7A6F5805F}.Debug|Win32.Build.0 = Debug|Win32
{7CC4E496-3747-48EE-9566-1CA7A6F5805F}.Debug|x64.ActiveCfg = Debug|x64
{7CC4E496-3747-48EE-9566-1CA7A6F5805F}.Debug|x64.Build.0 = Debug|x64
{7CC4E496-3747-48EE-9566-1CA7A6F5805F}.Release|Win32.ActiveCfg = Release|Win32
{7CC4E496-3747-48EE-9566-1CA7A6F5805F}.Release|Win32.Build.0 = Release|Win32
{7CC4E496-3747-48EE-9566-1CA7A6F5805F}.Release|x64.ActiveCfg = Release|x64
{7CC4E496-3747-48EE-9566-1CA7A6F5805F}.Release|x64.Build.0 = Release|x64
{A0F618AC-3201-47AB-8F05-236AA97498CC}.Debug|Win32.ActiveCfg = Debug|Win32
{A0F618AC-3201-47AB-8F05-236AA97498CC}.Debug|Win32.Build.0 = Debug|Win32
{A0F618AC-3201-47AB-8F05-236AA97498CC}.Debug|x64.ActiveCfg = Debug|x64
{A0F618AC-3201-47AB-8F05-236AA97498CC}.Debug|x64.Build.0 = Debug|x64
{A0F618AC-3201-47AB-8F05-236AA97498CC}.Release|Win32.ActiveCfg = Release|Win32
{A0F618AC-3201-47AB-8F05-236AA97498CC}.Release|Win32.Build.0 = Release|Win32
{A0F618AC-3201-47AB-8F05-236AA97498CC}.Release|x64.ActiveCfg = Release|x64
{A0F618AC-3201-47AB-8F05-236AA97498CC}.Release|x64.Build.0 = Release|x64
{1BC436BC-C4B4-4E77-A1B4-1B6977B73540}.Debug|Win32.ActiveCfg = Debug|Win32
{1BC436BC-C4B4-4E77-A1B4-1B6977B73540}.Debug|Win32.Build.0 = Debug|Win32
{1BC436BC-C4B4-4E77-A1B4-1B6977B73540}.Debug|x64.ActiveCfg = Debug|x64
{1BC436BC-C4B4-4E77-A1B4-1B6977B73540}.Debug|x64.Build.0 = Debug|x64
{1BC436BC-C4B4-4E77-A1B4-1B6977B73540}.Release|Win32.ActiveCfg = Release|Win32
{1BC436BC-C4B4-4E77-A1B4-1B6977B73540}.Release|Win32.Build.0 = Release|Win32
{1BC436BC-C4B4-4E77-A1B4-1B6977B73540}.Release|x64.ActiveCfg = Release|x64
{1BC436BC-C4B4-4E77-A1B4-1B6977B73540}.Release|x64.Build.0 = Release|x64
EndGlobalSection

  GlobalSection(SolutionProperties) = preSolution
    HideSolutionNode = FALSE
  EndGlobalSection
EndGlobal
