Microsoft Visual Studio Solution File, Format Version 11.00
# Visual Studio 2010
Project("{8BC9CEB8-8B4A-11D0-8D11-00A0C91BC942}") = "libmpr", "win-i686-debug\libmpr.vcxproj", "{3D1CB75F-12B2-4A67-ADBA-C45F69847567}"
EndProject
Project("{8BC9CEB8-8B4A-11D0-8D11-00A0C91BC942}") = "manager", "win-i686-debug\manager.vcxproj", "{82E5EDD5-BD3D-425F-90F6-39F41E13FF99}"
	ProjectSection(ProjectDependencies) = postProject
		{3D1CB75F-12B2-4A67-ADBA-C45F69847567} = {3D1CB75F-12B2-4A67-ADBA-C45F69847567}
	EndProjectSection
EndProject
Project("{8BC9CEB8-8B4A-11D0-8D11-00A0C91BC942}") = "makerom", "win-i686-debug\makerom.vcxproj", "{B5381746-FC7D-46C0-8E08-B1E1E9DEE854}"
	ProjectSection(ProjectDependencies) = postProject
		{3D1CB75F-12B2-4A67-ADBA-C45F69847567} = {3D1CB75F-12B2-4A67-ADBA-C45F69847567}
	EndProjectSection
EndProject
Project("{8BC9CEB8-8B4A-11D0-8D11-00A0C91BC942}") = "libpcre", "win-i686-debug\libpcre.vcxproj", "{0D61CB8D-CF68-4950-8BCB-94730B8C1488}"
EndProject
Project("{8BC9CEB8-8B4A-11D0-8D11-00A0C91BC942}") = "libhttp", "win-i686-debug\libhttp.vcxproj", "{6FE1D91D-B7D6-4EF2-B964-E6968EBAED2F}"
	ProjectSection(ProjectDependencies) = postProject
		{3D1CB75F-12B2-4A67-ADBA-C45F69847567} = {3D1CB75F-12B2-4A67-ADBA-C45F69847567}
	EndProjectSection
	ProjectSection(ProjectDependencies) = postProject
		{0D61CB8D-CF68-4950-8BCB-94730B8C1488} = {0D61CB8D-CF68-4950-8BCB-94730B8C1488}
	EndProjectSection
EndProject
Project("{8BC9CEB8-8B4A-11D0-8D11-00A0C91BC942}") = "http", "win-i686-debug\http.vcxproj", "{DDF57480-77FF-4885-86F1-EEE17A0F02D5}"
	ProjectSection(ProjectDependencies) = postProject
		{6FE1D91D-B7D6-4EF2-B964-E6968EBAED2F} = {6FE1D91D-B7D6-4EF2-B964-E6968EBAED2F}
	EndProjectSection
EndProject
Project("{8BC9CEB8-8B4A-11D0-8D11-00A0C91BC942}") = "libsqlite3", "win-i686-debug\libsqlite3.vcxproj", "{18FAD763-9DE5-464C-9BF6-6D12A37C96DB}"
EndProject
Project("{8BC9CEB8-8B4A-11D0-8D11-00A0C91BC942}") = "libappweb", "win-i686-debug\libappweb.vcxproj", "{C28D5C9A-DCC9-48AE-834B-74345913E198}"
	ProjectSection(ProjectDependencies) = postProject
		{3D1CB75F-12B2-4A67-ADBA-C45F69847567} = {3D1CB75F-12B2-4A67-ADBA-C45F69847567}
	EndProjectSection
	ProjectSection(ProjectDependencies) = postProject
		{6FE1D91D-B7D6-4EF2-B964-E6968EBAED2F} = {6FE1D91D-B7D6-4EF2-B964-E6968EBAED2F}
	EndProjectSection
	ProjectSection(ProjectDependencies) = postProject
		{0D61CB8D-CF68-4950-8BCB-94730B8C1488} = {0D61CB8D-CF68-4950-8BCB-94730B8C1488}
	EndProjectSection
EndProject
Project("{8BC9CEB8-8B4A-11D0-8D11-00A0C91BC942}") = "mod_esp", "win-i686-debug\mod_esp.vcxproj", "{06F79A49-DEAC-4C41-96AB-DBFA61330248}"
	ProjectSection(ProjectDependencies) = postProject
		{C28D5C9A-DCC9-48AE-834B-74345913E198} = {C28D5C9A-DCC9-48AE-834B-74345913E198}
	EndProjectSection
EndProject
Project("{8BC9CEB8-8B4A-11D0-8D11-00A0C91BC942}") = "esp", "win-i686-debug\esp.vcxproj", "{8C05B0AF-8037-4DB9-B786-8C5421C49560}"
	ProjectSection(ProjectDependencies) = postProject
		{C28D5C9A-DCC9-48AE-834B-74345913E198} = {C28D5C9A-DCC9-48AE-834B-74345913E198}
	EndProjectSection
EndProject
Project("{8BC9CEB8-8B4A-11D0-8D11-00A0C91BC942}") = "mod_cgi", "win-i686-debug\mod_cgi.vcxproj", "{2B05EE5B-793A-4437-9D48-B6FFC5300E8D}"
	ProjectSection(ProjectDependencies) = postProject
		{C28D5C9A-DCC9-48AE-834B-74345913E198} = {C28D5C9A-DCC9-48AE-834B-74345913E198}
	EndProjectSection
EndProject
Project("{8BC9CEB8-8B4A-11D0-8D11-00A0C91BC942}") = "auth", "win-i686-debug\auth.vcxproj", "{CA08A52F-E856-40F6-B346-AB15A539D869}"
	ProjectSection(ProjectDependencies) = postProject
		{3D1CB75F-12B2-4A67-ADBA-C45F69847567} = {3D1CB75F-12B2-4A67-ADBA-C45F69847567}
	EndProjectSection
EndProject
Project("{8BC9CEB8-8B4A-11D0-8D11-00A0C91BC942}") = "cgiProgram", "win-i686-debug\cgiProgram.vcxproj", "{4D904724-9371-4005-B3CA-0582F0196BC1}"
EndProject
Project("{8BC9CEB8-8B4A-11D0-8D11-00A0C91BC942}") = "setConfig", "win-i686-debug\setConfig.vcxproj", "{B5716534-2142-4A5F-9D1D-FFFD86CC4CD4}"
	ProjectSection(ProjectDependencies) = postProject
		{3D1CB75F-12B2-4A67-ADBA-C45F69847567} = {3D1CB75F-12B2-4A67-ADBA-C45F69847567}
	EndProjectSection
EndProject
Project("{8BC9CEB8-8B4A-11D0-8D11-00A0C91BC942}") = "appweb", "win-i686-debug\appweb.vcxproj", "{BA2C3410-CFED-4C3D-8753-4B42D0AE285B}"
	ProjectSection(ProjectDependencies) = postProject
		{C28D5C9A-DCC9-48AE-834B-74345913E198} = {C28D5C9A-DCC9-48AE-834B-74345913E198}
	EndProjectSection
EndProject
Project("{8BC9CEB8-8B4A-11D0-8D11-00A0C91BC942}") = "appwebMonitor", "win-i686-debug\appwebMonitor.vcxproj", "{AD9AE7D4-00C0-4718-86A7-2475669A3CF3}"
	ProjectSection(ProjectDependencies) = postProject
		{C28D5C9A-DCC9-48AE-834B-74345913E198} = {C28D5C9A-DCC9-48AE-834B-74345913E198}
	EndProjectSection
EndProject
Project("{8BC9CEB8-8B4A-11D0-8D11-00A0C91BC942}") = "testAppweb", "win-i686-debug\testAppweb.vcxproj", "{1ABC125B-592C-4D95-A865-6DAF2464ABD6}"
	ProjectSection(ProjectDependencies) = postProject
		{C28D5C9A-DCC9-48AE-834B-74345913E198} = {C28D5C9A-DCC9-48AE-834B-74345913E198}
	EndProjectSection
EndProject
Project("{8BC9CEB8-8B4A-11D0-8D11-00A0C91BC942}") = "removeFiles", "win-i686-debug\removeFiles.vcxproj", "{F1DEBAF3-FC2C-473C-A16A-141BE2FFDC2A}"
	ProjectSection(ProjectDependencies) = postProject
		{3D1CB75F-12B2-4A67-ADBA-C45F69847567} = {3D1CB75F-12B2-4A67-ADBA-C45F69847567}
	EndProjectSection
EndProject

Global
	GlobalSection(SolutionConfigurationPlatforms) = preSolution
		Debug|Win32 = Debug|Win32
	EndGlobalSection
	GlobalSection(ProjectConfigurationPlatforms) = postSolution
{3D1CB75F-12B2-4A67-ADBA-C45F69847567}.Debug|Win32.ActiveCfg = Debug|Win32
{3D1CB75F-12B2-4A67-ADBA-C45F69847567}.Debug|Win32.Build.0 = Debug|Win32
{82E5EDD5-BD3D-425F-90F6-39F41E13FF99}.Debug|Win32.ActiveCfg = Debug|Win32
{82E5EDD5-BD3D-425F-90F6-39F41E13FF99}.Debug|Win32.Build.0 = Debug|Win32
{B5381746-FC7D-46C0-8E08-B1E1E9DEE854}.Debug|Win32.ActiveCfg = Debug|Win32
{B5381746-FC7D-46C0-8E08-B1E1E9DEE854}.Debug|Win32.Build.0 = Debug|Win32
{0D61CB8D-CF68-4950-8BCB-94730B8C1488}.Debug|Win32.ActiveCfg = Debug|Win32
{0D61CB8D-CF68-4950-8BCB-94730B8C1488}.Debug|Win32.Build.0 = Debug|Win32
{6FE1D91D-B7D6-4EF2-B964-E6968EBAED2F}.Debug|Win32.ActiveCfg = Debug|Win32
{6FE1D91D-B7D6-4EF2-B964-E6968EBAED2F}.Debug|Win32.Build.0 = Debug|Win32
{DDF57480-77FF-4885-86F1-EEE17A0F02D5}.Debug|Win32.ActiveCfg = Debug|Win32
{DDF57480-77FF-4885-86F1-EEE17A0F02D5}.Debug|Win32.Build.0 = Debug|Win32
{18FAD763-9DE5-464C-9BF6-6D12A37C96DB}.Debug|Win32.ActiveCfg = Debug|Win32
{18FAD763-9DE5-464C-9BF6-6D12A37C96DB}.Debug|Win32.Build.0 = Debug|Win32
{C28D5C9A-DCC9-48AE-834B-74345913E198}.Debug|Win32.ActiveCfg = Debug|Win32
{C28D5C9A-DCC9-48AE-834B-74345913E198}.Debug|Win32.Build.0 = Debug|Win32
{06F79A49-DEAC-4C41-96AB-DBFA61330248}.Debug|Win32.ActiveCfg = Debug|Win32
{06F79A49-DEAC-4C41-96AB-DBFA61330248}.Debug|Win32.Build.0 = Debug|Win32
{8C05B0AF-8037-4DB9-B786-8C5421C49560}.Debug|Win32.ActiveCfg = Debug|Win32
{8C05B0AF-8037-4DB9-B786-8C5421C49560}.Debug|Win32.Build.0 = Debug|Win32
{2B05EE5B-793A-4437-9D48-B6FFC5300E8D}.Debug|Win32.ActiveCfg = Debug|Win32
{2B05EE5B-793A-4437-9D48-B6FFC5300E8D}.Debug|Win32.Build.0 = Debug|Win32
{CA08A52F-E856-40F6-B346-AB15A539D869}.Debug|Win32.ActiveCfg = Debug|Win32
{CA08A52F-E856-40F6-B346-AB15A539D869}.Debug|Win32.Build.0 = Debug|Win32
{4D904724-9371-4005-B3CA-0582F0196BC1}.Debug|Win32.ActiveCfg = Debug|Win32
{4D904724-9371-4005-B3CA-0582F0196BC1}.Debug|Win32.Build.0 = Debug|Win32
{B5716534-2142-4A5F-9D1D-FFFD86CC4CD4}.Debug|Win32.ActiveCfg = Debug|Win32
{B5716534-2142-4A5F-9D1D-FFFD86CC4CD4}.Debug|Win32.Build.0 = Debug|Win32
{BA2C3410-CFED-4C3D-8753-4B42D0AE285B}.Debug|Win32.ActiveCfg = Debug|Win32
{BA2C3410-CFED-4C3D-8753-4B42D0AE285B}.Debug|Win32.Build.0 = Debug|Win32
{AD9AE7D4-00C0-4718-86A7-2475669A3CF3}.Debug|Win32.ActiveCfg = Debug|Win32
{AD9AE7D4-00C0-4718-86A7-2475669A3CF3}.Debug|Win32.Build.0 = Debug|Win32
{1ABC125B-592C-4D95-A865-6DAF2464ABD6}.Debug|Win32.ActiveCfg = Debug|Win32
{1ABC125B-592C-4D95-A865-6DAF2464ABD6}.Debug|Win32.Build.0 = Debug|Win32
{F1DEBAF3-FC2C-473C-A16A-141BE2FFDC2A}.Debug|Win32.ActiveCfg = Debug|Win32
{F1DEBAF3-FC2C-473C-A16A-141BE2FFDC2A}.Debug|Win32.Build.0 = Debug|Win32
EndGlobalSection

  GlobalSection(SolutionProperties) = preSolution
    HideSolutionNode = FALSE
  EndGlobalSection
EndGlobal
