Microsoft Visual Studio Solution File, Format Version 11.00
# Visual Studio 2010
Project("{8BC9CEB8-8B4A-11D0-8D11-00A0C91BC942}") = "libmpr", "win-i686-debug\libmpr.vcxproj", "{6DA35B67-307A-4D8D-8D3E-FB81597B87CB}"
EndProject
Project("{8BC9CEB8-8B4A-11D0-8D11-00A0C91BC942}") = "manager", "win-i686-debug\manager.vcxproj", "{9B54976F-7FBA-442B-8558-78179C404B6B}"
	ProjectSection(ProjectDependencies) = postProject
		{6DA35B67-307A-4D8D-8D3E-FB81597B87CB} = {6DA35B67-307A-4D8D-8D3E-FB81597B87CB}
	EndProjectSection
EndProject
Project("{8BC9CEB8-8B4A-11D0-8D11-00A0C91BC942}") = "makerom", "win-i686-debug\makerom.vcxproj", "{CA5D143E-F0B2-4315-8AFF-610BFC59A13A}"
	ProjectSection(ProjectDependencies) = postProject
		{6DA35B67-307A-4D8D-8D3E-FB81597B87CB} = {6DA35B67-307A-4D8D-8D3E-FB81597B87CB}
	EndProjectSection
EndProject
Project("{8BC9CEB8-8B4A-11D0-8D11-00A0C91BC942}") = "libpcre", "win-i686-debug\libpcre.vcxproj", "{929D8E92-ADBC-4182-97CB-26EC49D48B55}"
EndProject
Project("{8BC9CEB8-8B4A-11D0-8D11-00A0C91BC942}") = "libhttp", "win-i686-debug\libhttp.vcxproj", "{00D9D0F6-3417-4DE5-A60C-55444F374F2F}"
	ProjectSection(ProjectDependencies) = postProject
		{6DA35B67-307A-4D8D-8D3E-FB81597B87CB} = {6DA35B67-307A-4D8D-8D3E-FB81597B87CB}
	EndProjectSection
	ProjectSection(ProjectDependencies) = postProject
		{929D8E92-ADBC-4182-97CB-26EC49D48B55} = {929D8E92-ADBC-4182-97CB-26EC49D48B55}
	EndProjectSection
EndProject
Project("{8BC9CEB8-8B4A-11D0-8D11-00A0C91BC942}") = "http", "win-i686-debug\http.vcxproj", "{C36CADA1-9D43-4420-8CC6-252A2F5D56F1}"
	ProjectSection(ProjectDependencies) = postProject
		{00D9D0F6-3417-4DE5-A60C-55444F374F2F} = {00D9D0F6-3417-4DE5-A60C-55444F374F2F}
	EndProjectSection
EndProject
Project("{8BC9CEB8-8B4A-11D0-8D11-00A0C91BC942}") = "libsqlite3", "win-i686-debug\libsqlite3.vcxproj", "{9C9FF681-A191-4CE4-8A7B-CDFC4C7A1F05}"
EndProject
Project("{8BC9CEB8-8B4A-11D0-8D11-00A0C91BC942}") = "libappweb", "win-i686-debug\libappweb.vcxproj", "{D76F5B11-A1ED-40E4-A7B0-13175996422D}"
	ProjectSection(ProjectDependencies) = postProject
		{6DA35B67-307A-4D8D-8D3E-FB81597B87CB} = {6DA35B67-307A-4D8D-8D3E-FB81597B87CB}
	EndProjectSection
	ProjectSection(ProjectDependencies) = postProject
		{00D9D0F6-3417-4DE5-A60C-55444F374F2F} = {00D9D0F6-3417-4DE5-A60C-55444F374F2F}
	EndProjectSection
	ProjectSection(ProjectDependencies) = postProject
		{929D8E92-ADBC-4182-97CB-26EC49D48B55} = {929D8E92-ADBC-4182-97CB-26EC49D48B55}
	EndProjectSection
EndProject
Project("{8BC9CEB8-8B4A-11D0-8D11-00A0C91BC942}") = "mod_esp", "win-i686-debug\mod_esp.vcxproj", "{7EE423E4-6838-44F4-847F-B58583D6B716}"
	ProjectSection(ProjectDependencies) = postProject
		{D76F5B11-A1ED-40E4-A7B0-13175996422D} = {D76F5B11-A1ED-40E4-A7B0-13175996422D}
	EndProjectSection
EndProject
Project("{8BC9CEB8-8B4A-11D0-8D11-00A0C91BC942}") = "esp", "win-i686-debug\esp.vcxproj", "{9B6A8662-8E1F-41ED-A79B-BDA2DB2E6BFE}"
	ProjectSection(ProjectDependencies) = postProject
		{D76F5B11-A1ED-40E4-A7B0-13175996422D} = {D76F5B11-A1ED-40E4-A7B0-13175996422D}
	EndProjectSection
EndProject
Project("{8BC9CEB8-8B4A-11D0-8D11-00A0C91BC942}") = "mod_cgi", "win-i686-debug\mod_cgi.vcxproj", "{1D468315-2C88-4028-A4CC-C106A273FC46}"
	ProjectSection(ProjectDependencies) = postProject
		{D76F5B11-A1ED-40E4-A7B0-13175996422D} = {D76F5B11-A1ED-40E4-A7B0-13175996422D}
	EndProjectSection
EndProject
Project("{8BC9CEB8-8B4A-11D0-8D11-00A0C91BC942}") = "auth", "win-i686-debug\auth.vcxproj", "{117B30DA-CC25-45FE-82FF-48138E3756C7}"
	ProjectSection(ProjectDependencies) = postProject
		{6DA35B67-307A-4D8D-8D3E-FB81597B87CB} = {6DA35B67-307A-4D8D-8D3E-FB81597B87CB}
	EndProjectSection
EndProject
Project("{8BC9CEB8-8B4A-11D0-8D11-00A0C91BC942}") = "cgiProgram", "win-i686-debug\cgiProgram.vcxproj", "{411B663B-C334-4CBA-AD04-294BB6637843}"
EndProject
Project("{8BC9CEB8-8B4A-11D0-8D11-00A0C91BC942}") = "setConfig", "win-i686-debug\setConfig.vcxproj", "{4293F6AE-30BA-4A44-90F5-D5EB4732DF5E}"
	ProjectSection(ProjectDependencies) = postProject
		{6DA35B67-307A-4D8D-8D3E-FB81597B87CB} = {6DA35B67-307A-4D8D-8D3E-FB81597B87CB}
	EndProjectSection
EndProject
Project("{8BC9CEB8-8B4A-11D0-8D11-00A0C91BC942}") = "appweb", "win-i686-debug\appweb.vcxproj", "{B0A93622-414B-4214-ADDC-8DB18A0B5EC8}"
	ProjectSection(ProjectDependencies) = postProject
		{D76F5B11-A1ED-40E4-A7B0-13175996422D} = {D76F5B11-A1ED-40E4-A7B0-13175996422D}
	EndProjectSection
EndProject
Project("{8BC9CEB8-8B4A-11D0-8D11-00A0C91BC942}") = "appwebMonitor", "win-i686-debug\appwebMonitor.vcxproj", "{2BB39745-D406-4D7B-B039-5F505601E5BE}"
	ProjectSection(ProjectDependencies) = postProject
		{D76F5B11-A1ED-40E4-A7B0-13175996422D} = {D76F5B11-A1ED-40E4-A7B0-13175996422D}
	EndProjectSection
EndProject
Project("{8BC9CEB8-8B4A-11D0-8D11-00A0C91BC942}") = "testAppweb", "win-i686-debug\testAppweb.vcxproj", "{535F7012-A9E5-4A2A-A145-367AD15C3AF9}"
	ProjectSection(ProjectDependencies) = postProject
		{D76F5B11-A1ED-40E4-A7B0-13175996422D} = {D76F5B11-A1ED-40E4-A7B0-13175996422D}
	EndProjectSection
EndProject
Project("{8BC9CEB8-8B4A-11D0-8D11-00A0C91BC942}") = "removeFiles", "win-i686-debug\removeFiles.vcxproj", "{0D141F8F-2C5D-4C07-867C-AFDF538C5346}"
	ProjectSection(ProjectDependencies) = postProject
		{6DA35B67-307A-4D8D-8D3E-FB81597B87CB} = {6DA35B67-307A-4D8D-8D3E-FB81597B87CB}
	EndProjectSection
EndProject

Global
	GlobalSection(SolutionConfigurationPlatforms) = preSolution
		Debug|Win32 = Debug|Win32
	EndGlobalSection
	GlobalSection(ProjectConfigurationPlatforms) = postSolution
{6DA35B67-307A-4D8D-8D3E-FB81597B87CB}.Debug|Win32.ActiveCfg = Debug|Win32
{6DA35B67-307A-4D8D-8D3E-FB81597B87CB}.Debug|Win32.Build.0 = Debug|Win32
{9B54976F-7FBA-442B-8558-78179C404B6B}.Debug|Win32.ActiveCfg = Debug|Win32
{9B54976F-7FBA-442B-8558-78179C404B6B}.Debug|Win32.Build.0 = Debug|Win32
{CA5D143E-F0B2-4315-8AFF-610BFC59A13A}.Debug|Win32.ActiveCfg = Debug|Win32
{CA5D143E-F0B2-4315-8AFF-610BFC59A13A}.Debug|Win32.Build.0 = Debug|Win32
{929D8E92-ADBC-4182-97CB-26EC49D48B55}.Debug|Win32.ActiveCfg = Debug|Win32
{929D8E92-ADBC-4182-97CB-26EC49D48B55}.Debug|Win32.Build.0 = Debug|Win32
{00D9D0F6-3417-4DE5-A60C-55444F374F2F}.Debug|Win32.ActiveCfg = Debug|Win32
{00D9D0F6-3417-4DE5-A60C-55444F374F2F}.Debug|Win32.Build.0 = Debug|Win32
{C36CADA1-9D43-4420-8CC6-252A2F5D56F1}.Debug|Win32.ActiveCfg = Debug|Win32
{C36CADA1-9D43-4420-8CC6-252A2F5D56F1}.Debug|Win32.Build.0 = Debug|Win32
{9C9FF681-A191-4CE4-8A7B-CDFC4C7A1F05}.Debug|Win32.ActiveCfg = Debug|Win32
{9C9FF681-A191-4CE4-8A7B-CDFC4C7A1F05}.Debug|Win32.Build.0 = Debug|Win32
{D76F5B11-A1ED-40E4-A7B0-13175996422D}.Debug|Win32.ActiveCfg = Debug|Win32
{D76F5B11-A1ED-40E4-A7B0-13175996422D}.Debug|Win32.Build.0 = Debug|Win32
{7EE423E4-6838-44F4-847F-B58583D6B716}.Debug|Win32.ActiveCfg = Debug|Win32
{7EE423E4-6838-44F4-847F-B58583D6B716}.Debug|Win32.Build.0 = Debug|Win32
{9B6A8662-8E1F-41ED-A79B-BDA2DB2E6BFE}.Debug|Win32.ActiveCfg = Debug|Win32
{9B6A8662-8E1F-41ED-A79B-BDA2DB2E6BFE}.Debug|Win32.Build.0 = Debug|Win32
{1D468315-2C88-4028-A4CC-C106A273FC46}.Debug|Win32.ActiveCfg = Debug|Win32
{1D468315-2C88-4028-A4CC-C106A273FC46}.Debug|Win32.Build.0 = Debug|Win32
{117B30DA-CC25-45FE-82FF-48138E3756C7}.Debug|Win32.ActiveCfg = Debug|Win32
{117B30DA-CC25-45FE-82FF-48138E3756C7}.Debug|Win32.Build.0 = Debug|Win32
{411B663B-C334-4CBA-AD04-294BB6637843}.Debug|Win32.ActiveCfg = Debug|Win32
{411B663B-C334-4CBA-AD04-294BB6637843}.Debug|Win32.Build.0 = Debug|Win32
{4293F6AE-30BA-4A44-90F5-D5EB4732DF5E}.Debug|Win32.ActiveCfg = Debug|Win32
{4293F6AE-30BA-4A44-90F5-D5EB4732DF5E}.Debug|Win32.Build.0 = Debug|Win32
{B0A93622-414B-4214-ADDC-8DB18A0B5EC8}.Debug|Win32.ActiveCfg = Debug|Win32
{B0A93622-414B-4214-ADDC-8DB18A0B5EC8}.Debug|Win32.Build.0 = Debug|Win32
{2BB39745-D406-4D7B-B039-5F505601E5BE}.Debug|Win32.ActiveCfg = Debug|Win32
{2BB39745-D406-4D7B-B039-5F505601E5BE}.Debug|Win32.Build.0 = Debug|Win32
{535F7012-A9E5-4A2A-A145-367AD15C3AF9}.Debug|Win32.ActiveCfg = Debug|Win32
{535F7012-A9E5-4A2A-A145-367AD15C3AF9}.Debug|Win32.Build.0 = Debug|Win32
{0D141F8F-2C5D-4C07-867C-AFDF538C5346}.Debug|Win32.ActiveCfg = Debug|Win32
{0D141F8F-2C5D-4C07-867C-AFDF538C5346}.Debug|Win32.Build.0 = Debug|Win32
EndGlobalSection

  GlobalSection(SolutionProperties) = preSolution
    HideSolutionNode = FALSE
  EndGlobalSection
EndGlobal
