Microsoft Visual Studio Solution File, Format Version 11.00
# Visual Studio 2010
Project("{8BC9CEB8-8B4A-11D0-8D11-00A0C91BC942}") = "libmpr", "win-i686-debug\libmpr.vcxproj", "{EEEADBF4-DF4D-452F-A37D-70A3140436B8}"
EndProject
Project("{8BC9CEB8-8B4A-11D0-8D11-00A0C91BC942}") = "manager", "win-i686-debug\manager.vcxproj", "{E524FE7B-91F1-446C-B3F9-1877D6CCC7FD}"
	ProjectSection(ProjectDependencies) = postProject
		{EEEADBF4-DF4D-452F-A37D-70A3140436B8} = {EEEADBF4-DF4D-452F-A37D-70A3140436B8}
	EndProjectSection
EndProject
Project("{8BC9CEB8-8B4A-11D0-8D11-00A0C91BC942}") = "makerom", "win-i686-debug\makerom.vcxproj", "{74A55361-1A76-4F51-B8C2-08AF76489691}"
	ProjectSection(ProjectDependencies) = postProject
		{EEEADBF4-DF4D-452F-A37D-70A3140436B8} = {EEEADBF4-DF4D-452F-A37D-70A3140436B8}
	EndProjectSection
EndProject
Project("{8BC9CEB8-8B4A-11D0-8D11-00A0C91BC942}") = "libpcre", "win-i686-debug\libpcre.vcxproj", "{7B8D4F3D-EFED-4EF6-8B68-012619A793C5}"
EndProject
Project("{8BC9CEB8-8B4A-11D0-8D11-00A0C91BC942}") = "libhttp", "win-i686-debug\libhttp.vcxproj", "{790BFB15-E653-4165-9AC1-BC1BE6073CF5}"
	ProjectSection(ProjectDependencies) = postProject
		{EEEADBF4-DF4D-452F-A37D-70A3140436B8} = {EEEADBF4-DF4D-452F-A37D-70A3140436B8}
	EndProjectSection
	ProjectSection(ProjectDependencies) = postProject
		{7B8D4F3D-EFED-4EF6-8B68-012619A793C5} = {7B8D4F3D-EFED-4EF6-8B68-012619A793C5}
	EndProjectSection
EndProject
Project("{8BC9CEB8-8B4A-11D0-8D11-00A0C91BC942}") = "http", "win-i686-debug\http.vcxproj", "{A562EEA7-6172-4E9B-9EEF-D8DA2E1F7A94}"
	ProjectSection(ProjectDependencies) = postProject
		{790BFB15-E653-4165-9AC1-BC1BE6073CF5} = {790BFB15-E653-4165-9AC1-BC1BE6073CF5}
	EndProjectSection
EndProject
Project("{8BC9CEB8-8B4A-11D0-8D11-00A0C91BC942}") = "libsqlite3", "win-i686-debug\libsqlite3.vcxproj", "{09A69531-631A-4574-A19D-D1E74B2E6AFF}"
EndProject
Project("{8BC9CEB8-8B4A-11D0-8D11-00A0C91BC942}") = "libappweb", "win-i686-debug\libappweb.vcxproj", "{2BB1826D-154F-4F9C-A40E-DF72249DBB02}"
	ProjectSection(ProjectDependencies) = postProject
		{EEEADBF4-DF4D-452F-A37D-70A3140436B8} = {EEEADBF4-DF4D-452F-A37D-70A3140436B8}
	EndProjectSection
	ProjectSection(ProjectDependencies) = postProject
		{790BFB15-E653-4165-9AC1-BC1BE6073CF5} = {790BFB15-E653-4165-9AC1-BC1BE6073CF5}
	EndProjectSection
	ProjectSection(ProjectDependencies) = postProject
		{7B8D4F3D-EFED-4EF6-8B68-012619A793C5} = {7B8D4F3D-EFED-4EF6-8B68-012619A793C5}
	EndProjectSection
EndProject
Project("{8BC9CEB8-8B4A-11D0-8D11-00A0C91BC942}") = "mod_esp", "win-i686-debug\mod_esp.vcxproj", "{55EB599C-112D-4C04-AB80-58219AFD0B62}"
	ProjectSection(ProjectDependencies) = postProject
		{2BB1826D-154F-4F9C-A40E-DF72249DBB02} = {2BB1826D-154F-4F9C-A40E-DF72249DBB02}
	EndProjectSection
EndProject
Project("{8BC9CEB8-8B4A-11D0-8D11-00A0C91BC942}") = "esp", "win-i686-debug\esp.vcxproj", "{9F59E266-1167-4998-99FE-AEAA08FA0063}"
	ProjectSection(ProjectDependencies) = postProject
		{2BB1826D-154F-4F9C-A40E-DF72249DBB02} = {2BB1826D-154F-4F9C-A40E-DF72249DBB02}
	EndProjectSection
EndProject
Project("{8BC9CEB8-8B4A-11D0-8D11-00A0C91BC942}") = "mod_cgi", "win-i686-debug\mod_cgi.vcxproj", "{40FFD9F0-B562-4EBB-A860-24679C3B8FDA}"
	ProjectSection(ProjectDependencies) = postProject
		{2BB1826D-154F-4F9C-A40E-DF72249DBB02} = {2BB1826D-154F-4F9C-A40E-DF72249DBB02}
	EndProjectSection
EndProject
Project("{8BC9CEB8-8B4A-11D0-8D11-00A0C91BC942}") = "auth", "win-i686-debug\auth.vcxproj", "{9227484B-F81B-416E-80A9-A64BC4697A37}"
	ProjectSection(ProjectDependencies) = postProject
		{EEEADBF4-DF4D-452F-A37D-70A3140436B8} = {EEEADBF4-DF4D-452F-A37D-70A3140436B8}
	EndProjectSection
EndProject
Project("{8BC9CEB8-8B4A-11D0-8D11-00A0C91BC942}") = "cgiProgram", "win-i686-debug\cgiProgram.vcxproj", "{74B51A20-2B07-428C-ACBA-70D61E50C90D}"
EndProject
Project("{8BC9CEB8-8B4A-11D0-8D11-00A0C91BC942}") = "setConfig", "win-i686-debug\setConfig.vcxproj", "{453B1B70-6CA9-44BF-81DF-ACA8A95E6206}"
	ProjectSection(ProjectDependencies) = postProject
		{EEEADBF4-DF4D-452F-A37D-70A3140436B8} = {EEEADBF4-DF4D-452F-A37D-70A3140436B8}
	EndProjectSection
EndProject
Project("{8BC9CEB8-8B4A-11D0-8D11-00A0C91BC942}") = "appweb", "win-i686-debug\appweb.vcxproj", "{60DD617C-8E97-44A5-940F-EC3CCA0E9006}"
	ProjectSection(ProjectDependencies) = postProject
		{2BB1826D-154F-4F9C-A40E-DF72249DBB02} = {2BB1826D-154F-4F9C-A40E-DF72249DBB02}
	EndProjectSection
EndProject
Project("{8BC9CEB8-8B4A-11D0-8D11-00A0C91BC942}") = "appwebMonitor", "win-i686-debug\appwebMonitor.vcxproj", "{D13FEC0F-7DCF-4AA9-BF56-2CBD9CAB4922}"
	ProjectSection(ProjectDependencies) = postProject
		{2BB1826D-154F-4F9C-A40E-DF72249DBB02} = {2BB1826D-154F-4F9C-A40E-DF72249DBB02}
	EndProjectSection
EndProject
Project("{8BC9CEB8-8B4A-11D0-8D11-00A0C91BC942}") = "testAppweb", "win-i686-debug\testAppweb.vcxproj", "{575AF082-C2E7-482F-987C-E973CD75F37B}"
	ProjectSection(ProjectDependencies) = postProject
		{2BB1826D-154F-4F9C-A40E-DF72249DBB02} = {2BB1826D-154F-4F9C-A40E-DF72249DBB02}
	EndProjectSection
EndProject
Project("{8BC9CEB8-8B4A-11D0-8D11-00A0C91BC942}") = "removeFiles", "win-i686-debug\removeFiles.vcxproj", "{4D443433-F7BD-41B1-B92B-2A32201AD64B}"
	ProjectSection(ProjectDependencies) = postProject
		{EEEADBF4-DF4D-452F-A37D-70A3140436B8} = {EEEADBF4-DF4D-452F-A37D-70A3140436B8}
	EndProjectSection
EndProject

Global
	GlobalSection(SolutionConfigurationPlatforms) = preSolution
		Debug|Win32 = Debug|Win32
	EndGlobalSection
	GlobalSection(ProjectConfigurationPlatforms) = postSolution
{EEEADBF4-DF4D-452F-A37D-70A3140436B8}.Debug|Win32.ActiveCfg = Debug|Win32
{EEEADBF4-DF4D-452F-A37D-70A3140436B8}.Debug|Win32.Build.0 = Debug|Win32
{E524FE7B-91F1-446C-B3F9-1877D6CCC7FD}.Debug|Win32.ActiveCfg = Debug|Win32
{E524FE7B-91F1-446C-B3F9-1877D6CCC7FD}.Debug|Win32.Build.0 = Debug|Win32
{74A55361-1A76-4F51-B8C2-08AF76489691}.Debug|Win32.ActiveCfg = Debug|Win32
{74A55361-1A76-4F51-B8C2-08AF76489691}.Debug|Win32.Build.0 = Debug|Win32
{7B8D4F3D-EFED-4EF6-8B68-012619A793C5}.Debug|Win32.ActiveCfg = Debug|Win32
{7B8D4F3D-EFED-4EF6-8B68-012619A793C5}.Debug|Win32.Build.0 = Debug|Win32
{790BFB15-E653-4165-9AC1-BC1BE6073CF5}.Debug|Win32.ActiveCfg = Debug|Win32
{790BFB15-E653-4165-9AC1-BC1BE6073CF5}.Debug|Win32.Build.0 = Debug|Win32
{A562EEA7-6172-4E9B-9EEF-D8DA2E1F7A94}.Debug|Win32.ActiveCfg = Debug|Win32
{A562EEA7-6172-4E9B-9EEF-D8DA2E1F7A94}.Debug|Win32.Build.0 = Debug|Win32
{09A69531-631A-4574-A19D-D1E74B2E6AFF}.Debug|Win32.ActiveCfg = Debug|Win32
{09A69531-631A-4574-A19D-D1E74B2E6AFF}.Debug|Win32.Build.0 = Debug|Win32
{2BB1826D-154F-4F9C-A40E-DF72249DBB02}.Debug|Win32.ActiveCfg = Debug|Win32
{2BB1826D-154F-4F9C-A40E-DF72249DBB02}.Debug|Win32.Build.0 = Debug|Win32
{55EB599C-112D-4C04-AB80-58219AFD0B62}.Debug|Win32.ActiveCfg = Debug|Win32
{55EB599C-112D-4C04-AB80-58219AFD0B62}.Debug|Win32.Build.0 = Debug|Win32
{9F59E266-1167-4998-99FE-AEAA08FA0063}.Debug|Win32.ActiveCfg = Debug|Win32
{9F59E266-1167-4998-99FE-AEAA08FA0063}.Debug|Win32.Build.0 = Debug|Win32
{40FFD9F0-B562-4EBB-A860-24679C3B8FDA}.Debug|Win32.ActiveCfg = Debug|Win32
{40FFD9F0-B562-4EBB-A860-24679C3B8FDA}.Debug|Win32.Build.0 = Debug|Win32
{9227484B-F81B-416E-80A9-A64BC4697A37}.Debug|Win32.ActiveCfg = Debug|Win32
{9227484B-F81B-416E-80A9-A64BC4697A37}.Debug|Win32.Build.0 = Debug|Win32
{74B51A20-2B07-428C-ACBA-70D61E50C90D}.Debug|Win32.ActiveCfg = Debug|Win32
{74B51A20-2B07-428C-ACBA-70D61E50C90D}.Debug|Win32.Build.0 = Debug|Win32
{453B1B70-6CA9-44BF-81DF-ACA8A95E6206}.Debug|Win32.ActiveCfg = Debug|Win32
{453B1B70-6CA9-44BF-81DF-ACA8A95E6206}.Debug|Win32.Build.0 = Debug|Win32
{60DD617C-8E97-44A5-940F-EC3CCA0E9006}.Debug|Win32.ActiveCfg = Debug|Win32
{60DD617C-8E97-44A5-940F-EC3CCA0E9006}.Debug|Win32.Build.0 = Debug|Win32
{D13FEC0F-7DCF-4AA9-BF56-2CBD9CAB4922}.Debug|Win32.ActiveCfg = Debug|Win32
{D13FEC0F-7DCF-4AA9-BF56-2CBD9CAB4922}.Debug|Win32.Build.0 = Debug|Win32
{575AF082-C2E7-482F-987C-E973CD75F37B}.Debug|Win32.ActiveCfg = Debug|Win32
{575AF082-C2E7-482F-987C-E973CD75F37B}.Debug|Win32.Build.0 = Debug|Win32
{4D443433-F7BD-41B1-B92B-2A32201AD64B}.Debug|Win32.ActiveCfg = Debug|Win32
{4D443433-F7BD-41B1-B92B-2A32201AD64B}.Debug|Win32.Build.0 = Debug|Win32
EndGlobalSection

  GlobalSection(SolutionProperties) = preSolution
    HideSolutionNode = FALSE
  EndGlobalSection
EndGlobal
