
Microsoft Visual Studio Solution File, Format Version 9.00
# Visual Studio 2005
Project("{8BC9CEB8-8B4A-11D0-8D11-00A0C91BC942}") = "appweb", "appweb.vcproj", "{246D3048-1A2E-4D2B-8D0F-08BE1FEF5757}"
	ProjectSection(ProjectDependencies) = postProject
		{14D64C9F-EA9F-4D9E-A562-93334EC72DB2} = {14D64C9F-EA9F-4D9E-A562-93334EC72DB2}
	EndProjectSection
EndProject
Project("{8BC9CEB8-8B4A-11D0-8D11-00A0C91BC942}") = "ajsc", "ajsc.vcproj", "{2AF0D91D-AC9E-4275-8CEA-B3BB41023BE3}"
	ProjectSection(ProjectDependencies) = postProject
		{904EAE23-75E5-4EEC-9FC8-69DD1B4D9A1E} = {904EAE23-75E5-4EEC-9FC8-69DD1B4D9A1E}
	EndProjectSection
EndProject
Project("{8BC9CEB8-8B4A-11D0-8D11-00A0C91BC942}") = "http", "http.vcproj", "{7C12AE9C-C581-4609-8BB9-19D8164D0FFC}"
EndProject
Project("{8BC9CEB8-8B4A-11D0-8D11-00A0C91BC942}") = "ajsweb", "ajsweb.vcproj", "{14D64C9F-EA9F-4D9E-A562-93334EC72DB2}"
EndProject
Project("{8BC9CEB8-8B4A-11D0-8D11-00A0C91BC942}") = "ajsmod", "ajsmod.vcproj", "{904EAE23-75E5-4EEC-9FC8-69DD1B4D9A1E}"
EndProject
Global
	GlobalSection(SolutionConfigurationPlatforms) = preSolution
		Debug|Pocket PC 2003 (ARMV4) = Debug|Pocket PC 2003 (ARMV4)
		Release|Pocket PC 2003 (ARMV4) = Release|Pocket PC 2003 (ARMV4)
	EndGlobalSection
	GlobalSection(ProjectConfigurationPlatforms) = postSolution
		{246D3048-1A2E-4D2B-8D0F-08BE1FEF5757}.Debug|Pocket PC 2003 (ARMV4).ActiveCfg = Debug|Pocket PC 2003 (ARMV4)
		{246D3048-1A2E-4D2B-8D0F-08BE1FEF5757}.Debug|Pocket PC 2003 (ARMV4).Build.0 = Debug|Pocket PC 2003 (ARMV4)
		{246D3048-1A2E-4D2B-8D0F-08BE1FEF5757}.Debug|Pocket PC 2003 (ARMV4).Deploy.0 = Debug|Pocket PC 2003 (ARMV4)
		{246D3048-1A2E-4D2B-8D0F-08BE1FEF5757}.Release|Pocket PC 2003 (ARMV4).ActiveCfg = Release|Pocket PC 2003 (ARMV4)
		{246D3048-1A2E-4D2B-8D0F-08BE1FEF5757}.Release|Pocket PC 2003 (ARMV4).Build.0 = Release|Pocket PC 2003 (ARMV4)
		{2AF0D91D-AC9E-4275-8CEA-B3BB41023BE3}.Debug|Pocket PC 2003 (ARMV4).ActiveCfg = Debug|Win32
		{2AF0D91D-AC9E-4275-8CEA-B3BB41023BE3}.Debug|Pocket PC 2003 (ARMV4).Build.0 = Debug|Win32
		{2AF0D91D-AC9E-4275-8CEA-B3BB41023BE3}.Release|Pocket PC 2003 (ARMV4).ActiveCfg = Release|Win32
		{7C12AE9C-C581-4609-8BB9-19D8164D0FFC}.Debug|Pocket PC 2003 (ARMV4).ActiveCfg = Debug|Win32
		{7C12AE9C-C581-4609-8BB9-19D8164D0FFC}.Debug|Pocket PC 2003 (ARMV4).Build.0 = Debug|Win32
		{7C12AE9C-C581-4609-8BB9-19D8164D0FFC}.Release|Pocket PC 2003 (ARMV4).ActiveCfg = Release|Win32
		{14D64C9F-EA9F-4D9E-A562-93334EC72DB2}.Debug|Pocket PC 2003 (ARMV4).ActiveCfg = Debug|Win32
		{14D64C9F-EA9F-4D9E-A562-93334EC72DB2}.Debug|Pocket PC 2003 (ARMV4).Build.0 = Debug|Win32
		{14D64C9F-EA9F-4D9E-A562-93334EC72DB2}.Release|Pocket PC 2003 (ARMV4).ActiveCfg = Release|Win32
		{904EAE23-75E5-4EEC-9FC8-69DD1B4D9A1E}.Debug|Pocket PC 2003 (ARMV4).ActiveCfg = Debug|Win32
		{904EAE23-75E5-4EEC-9FC8-69DD1B4D9A1E}.Debug|Pocket PC 2003 (ARMV4).Build.0 = Debug|Win32
		{904EAE23-75E5-4EEC-9FC8-69DD1B4D9A1E}.Release|Pocket PC 2003 (ARMV4).ActiveCfg = Release|Win32
	EndGlobalSection
	GlobalSection(SolutionProperties) = preSolution
		HideSolutionNode = FALSE
	EndGlobalSection
EndGlobal
