
Microsoft Visual Studio Solution File, Format Version 11.00
# Visual Studio 2010
Project("{8BC9CEB8-8B4A-11D0-8D11-00A0C91BC942}") = "setup", "setup.vcxproj", "{85F9E945-3976-4410-BD20-FB7FBF6CF41B}"
EndProject
Project("{8BC9CEB8-8B4A-11D0-8D11-00A0C91BC942}") = "libmpr", "libmpr.vcxproj", "{878DF937-E521-4245-84CA-7D29039E8B8B}"
	ProjectSection(ProjectDependencies) = postProject
		{85F9E945-3976-4410-BD20-FB7FBF6CF41B} = {85F9E945-3976-4410-BD20-FB7FBF6CF41B}
	EndProjectSection
EndProject
Project("{8BC9CEB8-8B4A-11D0-8D11-00A0C91BC942}") = "libmprssl", "libmprssl.vcxproj", "{6C7E9AA4-39EE-4A13-AA99-228D9E93F568}"
EndProject
Project("{8BC9CEB8-8B4A-11D0-8D11-00A0C91BC942}") = "libpcre", "libpcre.vcxproj", "{E17FBEC4-C856-413C-9A52-42654C497973}"
	ProjectSection(ProjectDependencies) = postProject
		{85F9E945-3976-4410-BD20-FB7FBF6CF41B} = {85F9E945-3976-4410-BD20-FB7FBF6CF41B}
	EndProjectSection
EndProject
Project("{8BC9CEB8-8B4A-11D0-8D11-00A0C91BC942}") = "libhttp", "libhttp.vcxproj", "{8DCD3D51-EC98-4F5C-8B86-EAEC15208373}"
EndProject
Project("{8BC9CEB8-8B4A-11D0-8D11-00A0C91BC942}") = "libappweb", "libappweb.vcxproj", "{6F73626F-1981-44CE-BCC3-708162AE0DAC}"
EndProject
Project("{8BC9CEB8-8B4A-11D0-8D11-00A0C91BC942}") = "appweb", "appweb.vcxproj", "{FFAB6642-143E-4EE4-B87A-49CD5F0D500F}"
EndProject
Project("{8BC9CEB8-8B4A-11D0-8D11-00A0C91BC942}") = "appman", "appman.vcxproj", "{109E008B-0A3F-4D04-B089-DA8D5B3355E7}"
EndProject
Project("{8BC9CEB8-8B4A-11D0-8D11-00A0C91BC942}") = "appwebMonitor", "appwebMonitor.vcxproj", "{8BC9CF23-889B-45A9-81AB-96571AF9DB16}"
EndProject
Project("{8BC9CEB8-8B4A-11D0-8D11-00A0C91BC942}") = "http", "http.vcxproj", "{09798D29-7515-4E9E-8E50-70AAB258A755}"
EndProject
Project("{8BC9CEB8-8B4A-11D0-8D11-00A0C91BC942}") = "auth", "auth.vcxproj", "{427DE05F-E76F-4B4E-AA74-78DFAFEBDA47}"
EndProject
Project("{8BC9CEB8-8B4A-11D0-8D11-00A0C91BC942}") = "mod_cgi", "mod_cgi.vcxproj", "{44B1EACB-E23B-40E4-9D89-0127C91A2DF0}"
EndProject
Project("{8BC9CEB8-8B4A-11D0-8D11-00A0C91BC942}") = "mod_ejs", "mod_ejs.vcxproj", "{E93C70AA-6820-4EC8-9123-330458750DB6}"
EndProject
Project("{8BC9CEB8-8B4A-11D0-8D11-00A0C91BC942}") = "mod_esp", "mod_esp.vcxproj", "{BC9B4C9E-4F0B-4F88-98D3-49FBE6CE07B0}"
EndProject
Project("{8BC9CEB8-8B4A-11D0-8D11-00A0C91BC942}") = "mod_php", "mod_php.vcxproj", "{D1DD8F31-7854-4722-BDEE-B7B5DDEEFD4B}"
EndProject
Project("{8BC9CEB8-8B4A-11D0-8D11-00A0C91BC942}") = "mod_ssl", "mod_ssl.vcxproj", "{AC4A02B2-0AF6-454E-9A73-750AD9FB4D01}"
EndProject
Project("{8BC9CEB8-8B4A-11D0-8D11-00A0C91BC942}") = "esp", "esp.vcxproj", "{349FD880-C89D-4ED8-B98B-565D0CDA8BE6}"
EndProject
Global
	GlobalSection(SolutionConfigurationPlatforms) = preSolution
		Debug|Win32 = Debug|Win32
		Release|Win32 = Release|Win32
	EndGlobalSection
	GlobalSection(ProjectConfigurationPlatforms) = postSolution
{85F9E945-3976-4410-BD20-FB7FBF6CF41B}.Debug|Win32.ActiveCfg = Debug|Win32
{85F9E945-3976-4410-BD20-FB7FBF6CF41B}.Debug|Win32.Build.0 = Debug|Win32
{85F9E945-3976-4410-BD20-FB7FBF6CF41B}.Release|Win32.ActiveCfg = Release|Win32
{85F9E945-3976-4410-BD20-FB7FBF6CF41B}.Release|Win32.Build.0 = Release|Win32
{878DF937-E521-4245-84CA-7D29039E8B8B}.Debug|Win32.ActiveCfg = Debug|Win32
{878DF937-E521-4245-84CA-7D29039E8B8B}.Debug|Win32.Build.0 = Debug|Win32
{878DF937-E521-4245-84CA-7D29039E8B8B}.Release|Win32.ActiveCfg = Release|Win32
{878DF937-E521-4245-84CA-7D29039E8B8B}.Release|Win32.Build.0 = Release|Win32
{6C7E9AA4-39EE-4A13-AA99-228D9E93F568}.Debug|Win32.ActiveCfg = Debug|Win32
{6C7E9AA4-39EE-4A13-AA99-228D9E93F568}.Debug|Win32.Build.0 = Debug|Win32
{6C7E9AA4-39EE-4A13-AA99-228D9E93F568}.Release|Win32.ActiveCfg = Release|Win32
{6C7E9AA4-39EE-4A13-AA99-228D9E93F568}.Release|Win32.Build.0 = Release|Win32
{E17FBEC4-C856-413C-9A52-42654C497973}.Debug|Win32.ActiveCfg = Debug|Win32
{E17FBEC4-C856-413C-9A52-42654C497973}.Debug|Win32.Build.0 = Debug|Win32
{E17FBEC4-C856-413C-9A52-42654C497973}.Release|Win32.ActiveCfg = Release|Win32
{E17FBEC4-C856-413C-9A52-42654C497973}.Release|Win32.Build.0 = Release|Win32
{8DCD3D51-EC98-4F5C-8B86-EAEC15208373}.Debug|Win32.ActiveCfg = Debug|Win32
{8DCD3D51-EC98-4F5C-8B86-EAEC15208373}.Debug|Win32.Build.0 = Debug|Win32
{8DCD3D51-EC98-4F5C-8B86-EAEC15208373}.Release|Win32.ActiveCfg = Release|Win32
{8DCD3D51-EC98-4F5C-8B86-EAEC15208373}.Release|Win32.Build.0 = Release|Win32
{6F73626F-1981-44CE-BCC3-708162AE0DAC}.Debug|Win32.ActiveCfg = Debug|Win32
{6F73626F-1981-44CE-BCC3-708162AE0DAC}.Debug|Win32.Build.0 = Debug|Win32
{6F73626F-1981-44CE-BCC3-708162AE0DAC}.Release|Win32.ActiveCfg = Release|Win32
{6F73626F-1981-44CE-BCC3-708162AE0DAC}.Release|Win32.Build.0 = Release|Win32
{FFAB6642-143E-4EE4-B87A-49CD5F0D500F}.Debug|Win32.ActiveCfg = Debug|Win32
{FFAB6642-143E-4EE4-B87A-49CD5F0D500F}.Debug|Win32.Build.0 = Debug|Win32
{FFAB6642-143E-4EE4-B87A-49CD5F0D500F}.Release|Win32.ActiveCfg = Release|Win32
{FFAB6642-143E-4EE4-B87A-49CD5F0D500F}.Release|Win32.Build.0 = Release|Win32
{109E008B-0A3F-4D04-B089-DA8D5B3355E7}.Debug|Win32.ActiveCfg = Debug|Win32
{109E008B-0A3F-4D04-B089-DA8D5B3355E7}.Debug|Win32.Build.0 = Debug|Win32
{109E008B-0A3F-4D04-B089-DA8D5B3355E7}.Release|Win32.ActiveCfg = Release|Win32
{109E008B-0A3F-4D04-B089-DA8D5B3355E7}.Release|Win32.Build.0 = Release|Win32
{8BC9CF23-889B-45A9-81AB-96571AF9DB16}.Debug|Win32.ActiveCfg = Debug|Win32
{8BC9CF23-889B-45A9-81AB-96571AF9DB16}.Debug|Win32.Build.0 = Debug|Win32
{8BC9CF23-889B-45A9-81AB-96571AF9DB16}.Release|Win32.ActiveCfg = Release|Win32
{8BC9CF23-889B-45A9-81AB-96571AF9DB16}.Release|Win32.Build.0 = Release|Win32
{09798D29-7515-4E9E-8E50-70AAB258A755}.Debug|Win32.ActiveCfg = Debug|Win32
{09798D29-7515-4E9E-8E50-70AAB258A755}.Debug|Win32.Build.0 = Debug|Win32
{09798D29-7515-4E9E-8E50-70AAB258A755}.Release|Win32.ActiveCfg = Release|Win32
{09798D29-7515-4E9E-8E50-70AAB258A755}.Release|Win32.Build.0 = Release|Win32
{427DE05F-E76F-4B4E-AA74-78DFAFEBDA47}.Debug|Win32.ActiveCfg = Debug|Win32
{427DE05F-E76F-4B4E-AA74-78DFAFEBDA47}.Debug|Win32.Build.0 = Debug|Win32
{427DE05F-E76F-4B4E-AA74-78DFAFEBDA47}.Release|Win32.ActiveCfg = Release|Win32
{427DE05F-E76F-4B4E-AA74-78DFAFEBDA47}.Release|Win32.Build.0 = Release|Win32
{44B1EACB-E23B-40E4-9D89-0127C91A2DF0}.Debug|Win32.ActiveCfg = Debug|Win32
{44B1EACB-E23B-40E4-9D89-0127C91A2DF0}.Debug|Win32.Build.0 = Debug|Win32
{44B1EACB-E23B-40E4-9D89-0127C91A2DF0}.Release|Win32.ActiveCfg = Release|Win32
{44B1EACB-E23B-40E4-9D89-0127C91A2DF0}.Release|Win32.Build.0 = Release|Win32
{E93C70AA-6820-4EC8-9123-330458750DB6}.Debug|Win32.ActiveCfg = Debug|Win32
{E93C70AA-6820-4EC8-9123-330458750DB6}.Debug|Win32.Build.0 = Debug|Win32
{E93C70AA-6820-4EC8-9123-330458750DB6}.Release|Win32.ActiveCfg = Release|Win32
{E93C70AA-6820-4EC8-9123-330458750DB6}.Release|Win32.Build.0 = Release|Win32
{BC9B4C9E-4F0B-4F88-98D3-49FBE6CE07B0}.Debug|Win32.ActiveCfg = Debug|Win32
{BC9B4C9E-4F0B-4F88-98D3-49FBE6CE07B0}.Debug|Win32.Build.0 = Debug|Win32
{BC9B4C9E-4F0B-4F88-98D3-49FBE6CE07B0}.Release|Win32.ActiveCfg = Release|Win32
{BC9B4C9E-4F0B-4F88-98D3-49FBE6CE07B0}.Release|Win32.Build.0 = Release|Win32
{D1DD8F31-7854-4722-BDEE-B7B5DDEEFD4B}.Debug|Win32.ActiveCfg = Debug|Win32
{D1DD8F31-7854-4722-BDEE-B7B5DDEEFD4B}.Debug|Win32.Build.0 = Debug|Win32
{D1DD8F31-7854-4722-BDEE-B7B5DDEEFD4B}.Release|Win32.ActiveCfg = Release|Win32
{D1DD8F31-7854-4722-BDEE-B7B5DDEEFD4B}.Release|Win32.Build.0 = Release|Win32
{AC4A02B2-0AF6-454E-9A73-750AD9FB4D01}.Debug|Win32.ActiveCfg = Debug|Win32
{AC4A02B2-0AF6-454E-9A73-750AD9FB4D01}.Debug|Win32.Build.0 = Debug|Win32
{AC4A02B2-0AF6-454E-9A73-750AD9FB4D01}.Release|Win32.ActiveCfg = Release|Win32
{AC4A02B2-0AF6-454E-9A73-750AD9FB4D01}.Release|Win32.Build.0 = Release|Win32
{349FD880-C89D-4ED8-B98B-565D0CDA8BE6}.Debug|Win32.ActiveCfg = Debug|Win32
{349FD880-C89D-4ED8-B98B-565D0CDA8BE6}.Debug|Win32.Build.0 = Debug|Win32
{349FD880-C89D-4ED8-B98B-565D0CDA8BE6}.Release|Win32.ActiveCfg = Release|Win32
{349FD880-C89D-4ED8-B98B-565D0CDA8BE6}.Release|Win32.Build.0 = Release|Win32
    EndGlobalSection

	GlobalSection(SolutionProperties) = preSolution
		HideSolutionNode = FALSE
	EndGlobalSection
EndGlobal
