
Microsoft Visual Studio Solution File, Format Version 11.00
# Visual Studio 2010
Project("{8BC9CEB8-8B4A-11D0-8D11-00A0C91BC942}") = "setup", "setup.vcxproj", "{3C3B0BAB-4AA1-42E1-AD49-8DF252B6EF77}"
EndProject
Project("{8BC9CEB8-8B4A-11D0-8D11-00A0C91BC942}") = "libmpr", "libmpr.vcxproj", "{E2FE803B-CF05-44D7-A6EF-4B7A39453781}"
	ProjectSection(ProjectDependencies) = postProject
		{3C3B0BAB-4AA1-42E1-AD49-8DF252B6EF77} = {3C3B0BAB-4AA1-42E1-AD49-8DF252B6EF77}
	EndProjectSection
EndProject
Project("{8BC9CEB8-8B4A-11D0-8D11-00A0C91BC942}") = "libmprssl", "libmprssl.vcxproj", "{20F2DB7D-1559-46F6-B557-4DA04B3EB1A1}"
EndProject
Project("{8BC9CEB8-8B4A-11D0-8D11-00A0C91BC942}") = "libhttp", "libhttp.vcxproj", "{6BE79CB2-FB5D-4009-928B-748C70094F89}"
EndProject
Project("{8BC9CEB8-8B4A-11D0-8D11-00A0C91BC942}") = "libpcre", "libpcre.vcxproj", "{0A3E5737-0F06-4F16-A223-2ABC1BAA256F}"
	ProjectSection(ProjectDependencies) = postProject
		{3C3B0BAB-4AA1-42E1-AD49-8DF252B6EF77} = {3C3B0BAB-4AA1-42E1-AD49-8DF252B6EF77}
	EndProjectSection
EndProject
Project("{8BC9CEB8-8B4A-11D0-8D11-00A0C91BC942}") = "libappweb", "libappweb.vcxproj", "{49136EA9-FA9E-4B49-BF37-8C0863766C09}"
EndProject
Project("{8BC9CEB8-8B4A-11D0-8D11-00A0C91BC942}") = "angel", "angel.vcxproj", "{B04FFB18-5168-447B-9D18-484E9410EEB8}"
EndProject
Project("{8BC9CEB8-8B4A-11D0-8D11-00A0C91BC942}") = "appweb", "appweb.vcxproj", "{499F0DCB-B397-4F6F-9045-8D30A738F58F}"
EndProject
Project("{8BC9CEB8-8B4A-11D0-8D11-00A0C91BC942}") = "appwebMonitor", "appwebMonitor.vcxproj", "{246D14BA-81BC-46FD-8BEE-F850EA012126}"
EndProject
Project("{8BC9CEB8-8B4A-11D0-8D11-00A0C91BC942}") = "auth", "auth.vcxproj", "{604FE22E-7DEC-45F9-9487-79FC30702846}"
EndProject
Project("{8BC9CEB8-8B4A-11D0-8D11-00A0C91BC942}") = "http", "http.vcxproj", "{7393514F-657E-448F-8D2B-A17C5730D6FC}"
EndProject
Project("{8BC9CEB8-8B4A-11D0-8D11-00A0C91BC942}") = "mod_cgi", "mod_cgi.vcxproj", "{D07898B7-F953-4836-801B-378357E92CC4}"
EndProject
Project("{8BC9CEB8-8B4A-11D0-8D11-00A0C91BC942}") = "mod_ejs", "mod_ejs.vcxproj", "{F05A9B7C-5CF2-4D15-A130-A7C2D061D5A3}"
EndProject
Project("{8BC9CEB8-8B4A-11D0-8D11-00A0C91BC942}") = "mod_esp", "mod_esp.vcxproj", "{4E6A0281-EAEE-433D-A6EA-503DE3C186B2}"
EndProject
Project("{8BC9CEB8-8B4A-11D0-8D11-00A0C91BC942}") = "mod_php", "mod_php.vcxproj", "{4933101D-E955-47A2-A091-05EFB7F0792B}"
EndProject
Project("{8BC9CEB8-8B4A-11D0-8D11-00A0C91BC942}") = "mod_ssl", "mod_ssl.vcxproj", "{59C58CB0-C247-4E29-A3A9-A576D0F43D93}"
EndProject
Global
	GlobalSection(SolutionConfigurationPlatforms) = preSolution
		Debug|Win32 = Debug|Win32
		Release|Win32 = Release|Win32
	EndGlobalSection
	GlobalSection(ProjectConfigurationPlatforms) = postSolution
{3C3B0BAB-4AA1-42E1-AD49-8DF252B6EF77}.Debug|Win32.ActiveCfg = Debug|Win32
{3C3B0BAB-4AA1-42E1-AD49-8DF252B6EF77}.Debug|Win32.Build.0 = Debug|Win32
{3C3B0BAB-4AA1-42E1-AD49-8DF252B6EF77}.Release|Win32.ActiveCfg = Release|Win32
{3C3B0BAB-4AA1-42E1-AD49-8DF252B6EF77}.Release|Win32.Build.0 = Release|Win32
{E2FE803B-CF05-44D7-A6EF-4B7A39453781}.Debug|Win32.ActiveCfg = Debug|Win32
{E2FE803B-CF05-44D7-A6EF-4B7A39453781}.Debug|Win32.Build.0 = Debug|Win32
{E2FE803B-CF05-44D7-A6EF-4B7A39453781}.Release|Win32.ActiveCfg = Release|Win32
{E2FE803B-CF05-44D7-A6EF-4B7A39453781}.Release|Win32.Build.0 = Release|Win32
{20F2DB7D-1559-46F6-B557-4DA04B3EB1A1}.Debug|Win32.ActiveCfg = Debug|Win32
{20F2DB7D-1559-46F6-B557-4DA04B3EB1A1}.Debug|Win32.Build.0 = Debug|Win32
{20F2DB7D-1559-46F6-B557-4DA04B3EB1A1}.Release|Win32.ActiveCfg = Release|Win32
{20F2DB7D-1559-46F6-B557-4DA04B3EB1A1}.Release|Win32.Build.0 = Release|Win32
{6BE79CB2-FB5D-4009-928B-748C70094F89}.Debug|Win32.ActiveCfg = Debug|Win32
{6BE79CB2-FB5D-4009-928B-748C70094F89}.Debug|Win32.Build.0 = Debug|Win32
{6BE79CB2-FB5D-4009-928B-748C70094F89}.Release|Win32.ActiveCfg = Release|Win32
{6BE79CB2-FB5D-4009-928B-748C70094F89}.Release|Win32.Build.0 = Release|Win32
{0A3E5737-0F06-4F16-A223-2ABC1BAA256F}.Debug|Win32.ActiveCfg = Debug|Win32
{0A3E5737-0F06-4F16-A223-2ABC1BAA256F}.Debug|Win32.Build.0 = Debug|Win32
{0A3E5737-0F06-4F16-A223-2ABC1BAA256F}.Release|Win32.ActiveCfg = Release|Win32
{0A3E5737-0F06-4F16-A223-2ABC1BAA256F}.Release|Win32.Build.0 = Release|Win32
{49136EA9-FA9E-4B49-BF37-8C0863766C09}.Debug|Win32.ActiveCfg = Debug|Win32
{49136EA9-FA9E-4B49-BF37-8C0863766C09}.Debug|Win32.Build.0 = Debug|Win32
{49136EA9-FA9E-4B49-BF37-8C0863766C09}.Release|Win32.ActiveCfg = Release|Win32
{49136EA9-FA9E-4B49-BF37-8C0863766C09}.Release|Win32.Build.0 = Release|Win32
{B04FFB18-5168-447B-9D18-484E9410EEB8}.Debug|Win32.ActiveCfg = Debug|Win32
{B04FFB18-5168-447B-9D18-484E9410EEB8}.Debug|Win32.Build.0 = Debug|Win32
{B04FFB18-5168-447B-9D18-484E9410EEB8}.Release|Win32.ActiveCfg = Release|Win32
{B04FFB18-5168-447B-9D18-484E9410EEB8}.Release|Win32.Build.0 = Release|Win32
{499F0DCB-B397-4F6F-9045-8D30A738F58F}.Debug|Win32.ActiveCfg = Debug|Win32
{499F0DCB-B397-4F6F-9045-8D30A738F58F}.Debug|Win32.Build.0 = Debug|Win32
{499F0DCB-B397-4F6F-9045-8D30A738F58F}.Release|Win32.ActiveCfg = Release|Win32
{499F0DCB-B397-4F6F-9045-8D30A738F58F}.Release|Win32.Build.0 = Release|Win32
{246D14BA-81BC-46FD-8BEE-F850EA012126}.Debug|Win32.ActiveCfg = Debug|Win32
{246D14BA-81BC-46FD-8BEE-F850EA012126}.Debug|Win32.Build.0 = Debug|Win32
{246D14BA-81BC-46FD-8BEE-F850EA012126}.Release|Win32.ActiveCfg = Release|Win32
{246D14BA-81BC-46FD-8BEE-F850EA012126}.Release|Win32.Build.0 = Release|Win32
{604FE22E-7DEC-45F9-9487-79FC30702846}.Debug|Win32.ActiveCfg = Debug|Win32
{604FE22E-7DEC-45F9-9487-79FC30702846}.Debug|Win32.Build.0 = Debug|Win32
{604FE22E-7DEC-45F9-9487-79FC30702846}.Release|Win32.ActiveCfg = Release|Win32
{604FE22E-7DEC-45F9-9487-79FC30702846}.Release|Win32.Build.0 = Release|Win32
{7393514F-657E-448F-8D2B-A17C5730D6FC}.Debug|Win32.ActiveCfg = Debug|Win32
{7393514F-657E-448F-8D2B-A17C5730D6FC}.Debug|Win32.Build.0 = Debug|Win32
{7393514F-657E-448F-8D2B-A17C5730D6FC}.Release|Win32.ActiveCfg = Release|Win32
{7393514F-657E-448F-8D2B-A17C5730D6FC}.Release|Win32.Build.0 = Release|Win32
{D07898B7-F953-4836-801B-378357E92CC4}.Debug|Win32.ActiveCfg = Debug|Win32
{D07898B7-F953-4836-801B-378357E92CC4}.Debug|Win32.Build.0 = Debug|Win32
{D07898B7-F953-4836-801B-378357E92CC4}.Release|Win32.ActiveCfg = Release|Win32
{D07898B7-F953-4836-801B-378357E92CC4}.Release|Win32.Build.0 = Release|Win32
{F05A9B7C-5CF2-4D15-A130-A7C2D061D5A3}.Debug|Win32.ActiveCfg = Debug|Win32
{F05A9B7C-5CF2-4D15-A130-A7C2D061D5A3}.Debug|Win32.Build.0 = Debug|Win32
{F05A9B7C-5CF2-4D15-A130-A7C2D061D5A3}.Release|Win32.ActiveCfg = Release|Win32
{F05A9B7C-5CF2-4D15-A130-A7C2D061D5A3}.Release|Win32.Build.0 = Release|Win32
{4E6A0281-EAEE-433D-A6EA-503DE3C186B2}.Debug|Win32.ActiveCfg = Debug|Win32
{4E6A0281-EAEE-433D-A6EA-503DE3C186B2}.Debug|Win32.Build.0 = Debug|Win32
{4E6A0281-EAEE-433D-A6EA-503DE3C186B2}.Release|Win32.ActiveCfg = Release|Win32
{4E6A0281-EAEE-433D-A6EA-503DE3C186B2}.Release|Win32.Build.0 = Release|Win32
{4933101D-E955-47A2-A091-05EFB7F0792B}.Debug|Win32.ActiveCfg = Debug|Win32
{4933101D-E955-47A2-A091-05EFB7F0792B}.Debug|Win32.Build.0 = Debug|Win32
{4933101D-E955-47A2-A091-05EFB7F0792B}.Release|Win32.ActiveCfg = Release|Win32
{4933101D-E955-47A2-A091-05EFB7F0792B}.Release|Win32.Build.0 = Release|Win32
{59C58CB0-C247-4E29-A3A9-A576D0F43D93}.Debug|Win32.ActiveCfg = Debug|Win32
{59C58CB0-C247-4E29-A3A9-A576D0F43D93}.Debug|Win32.Build.0 = Debug|Win32
{59C58CB0-C247-4E29-A3A9-A576D0F43D93}.Release|Win32.ActiveCfg = Release|Win32
{59C58CB0-C247-4E29-A3A9-A576D0F43D93}.Release|Win32.Build.0 = Release|Win32
    EndGlobalSection

	GlobalSection(SolutionProperties) = preSolution
		HideSolutionNode = FALSE
	EndGlobalSection
EndGlobal
