
Microsoft Visual Studio Solution File, Format Version 11.00
# Visual Studio 2010
Project("{8BC9CEB8-8B4A-11D0-8D11-00A0C91BC942}") = "setup", "setup.vcxproj", "{F16FE8C9-F323-45BB-8A8A-B6EE495F5BA3}"
EndProject
Project("{8BC9CEB8-8B4A-11D0-8D11-00A0C91BC942}") = "libmpr", "libmpr.vcxproj", "{7EE34632-A975-4F35-8F8D-BA4EF01E900A}"
	ProjectSection(ProjectDependencies) = postProject
		{F16FE8C9-F323-45BB-8A8A-B6EE495F5BA3} = {F16FE8C9-F323-45BB-8A8A-B6EE495F5BA3}
	EndProjectSection
EndProject
Project("{8BC9CEB8-8B4A-11D0-8D11-00A0C91BC942}") = "libmprssl", "libmprssl.vcxproj", "{135C2221-370B-4367-9BA3-4116FF551A1B}"
EndProject
Project("{8BC9CEB8-8B4A-11D0-8D11-00A0C91BC942}") = "libpcre", "libpcre.vcxproj", "{4397C73A-75B9-48D4-82D5-1C7BE55B3B8F}"
	ProjectSection(ProjectDependencies) = postProject
		{F16FE8C9-F323-45BB-8A8A-B6EE495F5BA3} = {F16FE8C9-F323-45BB-8A8A-B6EE495F5BA3}
	EndProjectSection
EndProject
Project("{8BC9CEB8-8B4A-11D0-8D11-00A0C91BC942}") = "libhttp", "libhttp.vcxproj", "{8E4A688B-4F32-4A21-A35C-AE146518464F}"
EndProject
Project("{8BC9CEB8-8B4A-11D0-8D11-00A0C91BC942}") = "libappweb", "libappweb.vcxproj", "{B5F25E9B-108A-4CA7-AB34-7BAD152FF35F}"
EndProject
Project("{8BC9CEB8-8B4A-11D0-8D11-00A0C91BC942}") = "appweb", "appweb.vcxproj", "{3E148212-8E98-4CC2-99F7-6922DF435EC4}"
EndProject
Project("{8BC9CEB8-8B4A-11D0-8D11-00A0C91BC942}") = "angel", "angel.vcxproj", "{272B4E71-41EA-48E2-97EA-FF1269E2F999}"
EndProject
Project("{8BC9CEB8-8B4A-11D0-8D11-00A0C91BC942}") = "appwebMonitor", "appwebMonitor.vcxproj", "{CEE3E6E7-E342-4633-91DC-45D75EF6E101}"
EndProject
Project("{8BC9CEB8-8B4A-11D0-8D11-00A0C91BC942}") = "http", "http.vcxproj", "{7BC9C062-6172-44AC-91EB-A44EB65DA42C}"
EndProject
Project("{8BC9CEB8-8B4A-11D0-8D11-00A0C91BC942}") = "auth", "auth.vcxproj", "{7525051A-8D1B-4E13-A782-C8E8A74FB4F2}"
EndProject
Project("{8BC9CEB8-8B4A-11D0-8D11-00A0C91BC942}") = "mod_cgi", "mod_cgi.vcxproj", "{D082DE9B-62AC-452B-9D24-161B3B84FD47}"
EndProject
Project("{8BC9CEB8-8B4A-11D0-8D11-00A0C91BC942}") = "mod_ejs", "mod_ejs.vcxproj", "{1D98FBA7-BE52-46FB-900E-FE184B84A5AC}"
EndProject
Project("{8BC9CEB8-8B4A-11D0-8D11-00A0C91BC942}") = "mod_esp", "mod_esp.vcxproj", "{F97DB85A-B985-4B5D-B562-7B39EDF4358F}"
EndProject
Project("{8BC9CEB8-8B4A-11D0-8D11-00A0C91BC942}") = "mod_php", "mod_php.vcxproj", "{C9FB915B-F6C8-4D23-BBC9-59B0BE9FE0BA}"
EndProject
Project("{8BC9CEB8-8B4A-11D0-8D11-00A0C91BC942}") = "mod_ssl", "mod_ssl.vcxproj", "{DB5881FD-C336-4BF1-92CE-479357FBCCBA}"
EndProject
Global
	GlobalSection(SolutionConfigurationPlatforms) = preSolution
		Debug|Win32 = Debug|Win32
		Release|Win32 = Release|Win32
	EndGlobalSection
	GlobalSection(ProjectConfigurationPlatforms) = postSolution
{F16FE8C9-F323-45BB-8A8A-B6EE495F5BA3}.Debug|Win32.ActiveCfg = Debug|Win32
{F16FE8C9-F323-45BB-8A8A-B6EE495F5BA3}.Debug|Win32.Build.0 = Debug|Win32
{F16FE8C9-F323-45BB-8A8A-B6EE495F5BA3}.Release|Win32.ActiveCfg = Release|Win32
{F16FE8C9-F323-45BB-8A8A-B6EE495F5BA3}.Release|Win32.Build.0 = Release|Win32
{7EE34632-A975-4F35-8F8D-BA4EF01E900A}.Debug|Win32.ActiveCfg = Debug|Win32
{7EE34632-A975-4F35-8F8D-BA4EF01E900A}.Debug|Win32.Build.0 = Debug|Win32
{7EE34632-A975-4F35-8F8D-BA4EF01E900A}.Release|Win32.ActiveCfg = Release|Win32
{7EE34632-A975-4F35-8F8D-BA4EF01E900A}.Release|Win32.Build.0 = Release|Win32
{135C2221-370B-4367-9BA3-4116FF551A1B}.Debug|Win32.ActiveCfg = Debug|Win32
{135C2221-370B-4367-9BA3-4116FF551A1B}.Debug|Win32.Build.0 = Debug|Win32
{135C2221-370B-4367-9BA3-4116FF551A1B}.Release|Win32.ActiveCfg = Release|Win32
{135C2221-370B-4367-9BA3-4116FF551A1B}.Release|Win32.Build.0 = Release|Win32
{4397C73A-75B9-48D4-82D5-1C7BE55B3B8F}.Debug|Win32.ActiveCfg = Debug|Win32
{4397C73A-75B9-48D4-82D5-1C7BE55B3B8F}.Debug|Win32.Build.0 = Debug|Win32
{4397C73A-75B9-48D4-82D5-1C7BE55B3B8F}.Release|Win32.ActiveCfg = Release|Win32
{4397C73A-75B9-48D4-82D5-1C7BE55B3B8F}.Release|Win32.Build.0 = Release|Win32
{8E4A688B-4F32-4A21-A35C-AE146518464F}.Debug|Win32.ActiveCfg = Debug|Win32
{8E4A688B-4F32-4A21-A35C-AE146518464F}.Debug|Win32.Build.0 = Debug|Win32
{8E4A688B-4F32-4A21-A35C-AE146518464F}.Release|Win32.ActiveCfg = Release|Win32
{8E4A688B-4F32-4A21-A35C-AE146518464F}.Release|Win32.Build.0 = Release|Win32
{B5F25E9B-108A-4CA7-AB34-7BAD152FF35F}.Debug|Win32.ActiveCfg = Debug|Win32
{B5F25E9B-108A-4CA7-AB34-7BAD152FF35F}.Debug|Win32.Build.0 = Debug|Win32
{B5F25E9B-108A-4CA7-AB34-7BAD152FF35F}.Release|Win32.ActiveCfg = Release|Win32
{B5F25E9B-108A-4CA7-AB34-7BAD152FF35F}.Release|Win32.Build.0 = Release|Win32
{3E148212-8E98-4CC2-99F7-6922DF435EC4}.Debug|Win32.ActiveCfg = Debug|Win32
{3E148212-8E98-4CC2-99F7-6922DF435EC4}.Debug|Win32.Build.0 = Debug|Win32
{3E148212-8E98-4CC2-99F7-6922DF435EC4}.Release|Win32.ActiveCfg = Release|Win32
{3E148212-8E98-4CC2-99F7-6922DF435EC4}.Release|Win32.Build.0 = Release|Win32
{272B4E71-41EA-48E2-97EA-FF1269E2F999}.Debug|Win32.ActiveCfg = Debug|Win32
{272B4E71-41EA-48E2-97EA-FF1269E2F999}.Debug|Win32.Build.0 = Debug|Win32
{272B4E71-41EA-48E2-97EA-FF1269E2F999}.Release|Win32.ActiveCfg = Release|Win32
{272B4E71-41EA-48E2-97EA-FF1269E2F999}.Release|Win32.Build.0 = Release|Win32
{CEE3E6E7-E342-4633-91DC-45D75EF6E101}.Debug|Win32.ActiveCfg = Debug|Win32
{CEE3E6E7-E342-4633-91DC-45D75EF6E101}.Debug|Win32.Build.0 = Debug|Win32
{CEE3E6E7-E342-4633-91DC-45D75EF6E101}.Release|Win32.ActiveCfg = Release|Win32
{CEE3E6E7-E342-4633-91DC-45D75EF6E101}.Release|Win32.Build.0 = Release|Win32
{7BC9C062-6172-44AC-91EB-A44EB65DA42C}.Debug|Win32.ActiveCfg = Debug|Win32
{7BC9C062-6172-44AC-91EB-A44EB65DA42C}.Debug|Win32.Build.0 = Debug|Win32
{7BC9C062-6172-44AC-91EB-A44EB65DA42C}.Release|Win32.ActiveCfg = Release|Win32
{7BC9C062-6172-44AC-91EB-A44EB65DA42C}.Release|Win32.Build.0 = Release|Win32
{7525051A-8D1B-4E13-A782-C8E8A74FB4F2}.Debug|Win32.ActiveCfg = Debug|Win32
{7525051A-8D1B-4E13-A782-C8E8A74FB4F2}.Debug|Win32.Build.0 = Debug|Win32
{7525051A-8D1B-4E13-A782-C8E8A74FB4F2}.Release|Win32.ActiveCfg = Release|Win32
{7525051A-8D1B-4E13-A782-C8E8A74FB4F2}.Release|Win32.Build.0 = Release|Win32
{D082DE9B-62AC-452B-9D24-161B3B84FD47}.Debug|Win32.ActiveCfg = Debug|Win32
{D082DE9B-62AC-452B-9D24-161B3B84FD47}.Debug|Win32.Build.0 = Debug|Win32
{D082DE9B-62AC-452B-9D24-161B3B84FD47}.Release|Win32.ActiveCfg = Release|Win32
{D082DE9B-62AC-452B-9D24-161B3B84FD47}.Release|Win32.Build.0 = Release|Win32
{1D98FBA7-BE52-46FB-900E-FE184B84A5AC}.Debug|Win32.ActiveCfg = Debug|Win32
{1D98FBA7-BE52-46FB-900E-FE184B84A5AC}.Debug|Win32.Build.0 = Debug|Win32
{1D98FBA7-BE52-46FB-900E-FE184B84A5AC}.Release|Win32.ActiveCfg = Release|Win32
{1D98FBA7-BE52-46FB-900E-FE184B84A5AC}.Release|Win32.Build.0 = Release|Win32
{F97DB85A-B985-4B5D-B562-7B39EDF4358F}.Debug|Win32.ActiveCfg = Debug|Win32
{F97DB85A-B985-4B5D-B562-7B39EDF4358F}.Debug|Win32.Build.0 = Debug|Win32
{F97DB85A-B985-4B5D-B562-7B39EDF4358F}.Release|Win32.ActiveCfg = Release|Win32
{F97DB85A-B985-4B5D-B562-7B39EDF4358F}.Release|Win32.Build.0 = Release|Win32
{C9FB915B-F6C8-4D23-BBC9-59B0BE9FE0BA}.Debug|Win32.ActiveCfg = Debug|Win32
{C9FB915B-F6C8-4D23-BBC9-59B0BE9FE0BA}.Debug|Win32.Build.0 = Debug|Win32
{C9FB915B-F6C8-4D23-BBC9-59B0BE9FE0BA}.Release|Win32.ActiveCfg = Release|Win32
{C9FB915B-F6C8-4D23-BBC9-59B0BE9FE0BA}.Release|Win32.Build.0 = Release|Win32
{DB5881FD-C336-4BF1-92CE-479357FBCCBA}.Debug|Win32.ActiveCfg = Debug|Win32
{DB5881FD-C336-4BF1-92CE-479357FBCCBA}.Debug|Win32.Build.0 = Debug|Win32
{DB5881FD-C336-4BF1-92CE-479357FBCCBA}.Release|Win32.ActiveCfg = Release|Win32
{DB5881FD-C336-4BF1-92CE-479357FBCCBA}.Release|Win32.Build.0 = Release|Win32
    EndGlobalSection

	GlobalSection(SolutionProperties) = preSolution
		HideSolutionNode = FALSE
	EndGlobalSection
EndGlobal
